// !$*UTF8*$!
{
	archiveVersion = 1;
	classes = {
	};
	objectVersion = 56;
	objects = {

/* Begin PBXBuildFile section */
		36D32DEEF1C5607FA325D100 /* Pods_iOS_iOSUITests.framework in Frameworks */ = {isa = PBXBuildFile; fileRef = 94ED1AFAEE2DE97D1C4EE0C7 /* Pods_iOS_iOSUITests.framework */; };
		370DCB0629A0DD4C007B4FDD /* GetpriceTableViewCell.swift in Sources */ = {isa = PBXBuildFile; fileRef = 370DCB0529A0DD4C007B4FDD /* GetpriceTableViewCell.swift */; };
		370EFC242A70FCC100602129 /* func+Ext.swift in Sources */ = {isa = PBXBuildFile; fileRef = 370EFC232A70FCC100602129 /* func+Ext.swift */; };
		371DC5A229E58DB700EFD154 /* WritingEditPhotoCollectionViewCell.swift in Sources */ = {isa = PBXBuildFile; fileRef = 371DC5A129E58DB700EFD154 /* WritingEditPhotoCollectionViewCell.swift */; };
		371DC5A429E58E5000EFD154 /* WriteEditPhotoViewController.swift in Sources */ = {isa = PBXBuildFile; fileRef = 371DC5A329E58E5000EFD154 /* WriteEditPhotoViewController.swift */; };
		372183B8299A201100373F9C /* WritingEditPageViewController.swift in Sources */ = {isa = PBXBuildFile; fileRef = 372183B7299A201100373F9C /* WritingEditPageViewController.swift */; };
		373A081C29E9A3AA00D228A9 /* WebsiteViewController.swift in Sources */ = {isa = PBXBuildFile; fileRef = 373A081B29E9A3AA00D228A9 /* WebsiteViewController.swift */; };
		3742356F299F3C390049DFA1 /* ReceiptViewController.swift in Sources */ = {isa = PBXBuildFile; fileRef = 3742356E299F3C390049DFA1 /* ReceiptViewController.swift */; };
		37423571299F41FE0049DFA1 /* EditTableViewCell.swift in Sources */ = {isa = PBXBuildFile; fileRef = 37423570299F41FE0049DFA1 /* EditTableViewCell.swift */; };
		374781612A3F4FFE007057D8 /* Pods_iOS.framework in Frameworks */ = {isa = PBXBuildFile; fileRef = D186E571686558A6A981FD3E /* Pods_iOS.framework */; };
		374781622A3F4FFE007057D8 /* Pods_iOS.framework in Embed Frameworks */ = {isa = PBXBuildFile; fileRef = D186E571686558A6A981FD3E /* Pods_iOS.framework */; settings = {ATTRIBUTES = (CodeSignOnCopy, RemoveHeadersOnCopy, ); }; };
		374A5B0E2A1B9BA200901247 /* BlankCollectionViewCell.swift in Sources */ = {isa = PBXBuildFile; fileRef = 374A5B0C2A1B9BA200901247 /* BlankCollectionViewCell.swift */; };
		374A5B0F2A1B9BA200901247 /* BlankCollectionViewCell.xib in Resources */ = {isa = PBXBuildFile; fileRef = 374A5B0D2A1B9BA200901247 /* BlankCollectionViewCell.xib */; };
		375EBD622A45E0E1009225F1 /* Font+Ext.swift in Sources */ = {isa = PBXBuildFile; fileRef = 375EBD612A45E0E1009225F1 /* Font+Ext.swift */; };
		375EBD632A45E0E2009225F1 /* Font+Ext.swift in Sources */ = {isa = PBXBuildFile; fileRef = 375EBD612A45E0E1009225F1 /* Font+Ext.swift */; };
		375EBD642A45E0E2009225F1 /* Font+Ext.swift in Sources */ = {isa = PBXBuildFile; fileRef = 375EBD612A45E0E1009225F1 /* Font+Ext.swift */; };
		3764F657297B974400014FFE /* FirstCollectionViewCell.swift in Sources */ = {isa = PBXBuildFile; fileRef = 3764F655297B974400014FFE /* FirstCollectionViewCell.swift */; };
		3764F658297B974400014FFE /* FirstCollectionViewCell.xib in Resources */ = {isa = PBXBuildFile; fileRef = 3764F656297B974400014FFE /* FirstCollectionViewCell.xib */; };
		3764F65B297B97A900014FFE /* SecondCollectionViewCell.swift in Sources */ = {isa = PBXBuildFile; fileRef = 3764F659297B97A900014FFE /* SecondCollectionViewCell.swift */; };
		3764F65C297B97A900014FFE /* SecondCollectionViewCell.xib in Resources */ = {isa = PBXBuildFile; fileRef = 3764F65A297B97A900014FFE /* SecondCollectionViewCell.xib */; };
		3764F663297B97FC00014FFE /* FirstTableViewCell.swift in Sources */ = {isa = PBXBuildFile; fileRef = 3764F661297B97FC00014FFE /* FirstTableViewCell.swift */; };
		3764F664297B97FC00014FFE /* FirstTableViewCell.xib in Resources */ = {isa = PBXBuildFile; fileRef = 3764F662297B97FC00014FFE /* FirstTableViewCell.xib */; };
		3764F667297B980800014FFE /* SecondTableViewCell.swift in Sources */ = {isa = PBXBuildFile; fileRef = 3764F665297B980800014FFE /* SecondTableViewCell.swift */; };
		3764F668297B980800014FFE /* SecondTableViewCell.xib in Resources */ = {isa = PBXBuildFile; fileRef = 3764F666297B980800014FFE /* SecondTableViewCell.xib */; };
		3764F66B297BB04800014FFE /* CalendarTableViewCell.swift in Sources */ = {isa = PBXBuildFile; fileRef = 3764F669297BB04800014FFE /* CalendarTableViewCell.swift */; };
		3764F66C297BB04800014FFE /* CalendarTableViewCell.xib in Resources */ = {isa = PBXBuildFile; fileRef = 3764F66A297BB04800014FFE /* CalendarTableViewCell.xib */; };
		3785E3EB29E1932B001535C0 /* HomeTravelCollectionViewCell.swift in Sources */ = {isa = PBXBuildFile; fileRef = 3785E3EA29E1932B001535C0 /* HomeTravelCollectionViewCell.swift */; };
		3785E3EE29E19AF8001535C0 /* ExtensionHomeTravelCollectionViewCell.swift in Sources */ = {isa = PBXBuildFile; fileRef = 3785E3EC29E19AF8001535C0 /* ExtensionHomeTravelCollectionViewCell.swift */; };
		3785E3EF29E19AF8001535C0 /* ExtensionHomeTravelCollectionViewCell.xib in Resources */ = {isa = PBXBuildFile; fileRef = 3785E3ED29E19AF8001535C0 /* ExtensionHomeTravelCollectionViewCell.xib */; };
		3785E3F229E1A15A001535C0 /* NoExHomeTravelCollectionViewCell.swift in Sources */ = {isa = PBXBuildFile; fileRef = 3785E3F029E1A15A001535C0 /* NoExHomeTravelCollectionViewCell.swift */; };
		3785E3F329E1A15A001535C0 /* NoExHomeTravelCollectionViewCell.xib in Resources */ = {isa = PBXBuildFile; fileRef = 3785E3F129E1A15A001535C0 /* NoExHomeTravelCollectionViewCell.xib */; };
		37B7BE88298564F900786A1F /* SlideView.swift in Sources */ = {isa = PBXBuildFile; fileRef = 37B7BE87298564F900786A1F /* SlideView.swift */; };
		37B7E32129E801EF00F1BDEB /* WritingEditPhotosCollectionViewCell.swift in Sources */ = {isa = PBXBuildFile; fileRef = 37B7E32029E801EF00F1BDEB /* WritingEditPhotosCollectionViewCell.swift */; };
		37CBE79729EBC8D100BA93A9 /* NavitaionBar+Ext.swift in Sources */ = {isa = PBXBuildFile; fileRef = 37CBE79629EBC8D100BA93A9 /* NavitaionBar+Ext.swift */; };
		37E055FC2A457CEF00A08CC9 /* SecretKey.plist in Resources */ = {isa = PBXBuildFile; fileRef = 37E055FB2A457CEF00A08CC9 /* SecretKey.plist */; };
		37E385E42A6A9975004BD17A /* SnapKit in Frameworks */ = {isa = PBXBuildFile; productRef = 37E385E32A6A9975004BD17A /* SnapKit */; };
		37ECD62029865D64005E21D4 /* MainPlanViewController.swift in Sources */ = {isa = PBXBuildFile; fileRef = 37ECD61F29865D64005E21D4 /* MainPlanViewController.swift */; };
		37ECD62229866358005E21D4 /* Region.swift in Sources */ = {isa = PBXBuildFile; fileRef = 37ECD62129866358005E21D4 /* Region.swift */; };
		37ECD6242986649D005E21D4 /* RegionDataManager.swift in Sources */ = {isa = PBXBuildFile; fileRef = 37ECD6232986649D005E21D4 /* RegionDataManager.swift */; };
		37ECD626298676C8005E21D4 /* UIView+Ext.swift in Sources */ = {isa = PBXBuildFile; fileRef = 37ECD625298676C8005E21D4 /* UIView+Ext.swift */; };
		37F18C4B29856B2C003C8EF2 /* PlanningViewController.swift in Sources */ = {isa = PBXBuildFile; fileRef = 37F18C4A29856B2C003C8EF2 /* PlanningViewController.swift */; };
		37F18C4E29856CFD003C8EF2 /* SearchPlaceTableViewCell.swift in Sources */ = {isa = PBXBuildFile; fileRef = 37F18C4C29856CFD003C8EF2 /* SearchPlaceTableViewCell.swift */; };
		37F18C4F29856CFD003C8EF2 /* SearchPlaceTableViewCell.xib in Resources */ = {isa = PBXBuildFile; fileRef = 37F18C4D29856CFD003C8EF2 /* SearchPlaceTableViewCell.xib */; };
		4333AD1A674200E8AAE981B6 /* Pods_iOSTests.framework in Frameworks */ = {isa = PBXBuildFile; fileRef = 8E1B9D2FA7E640881D20000C /* Pods_iOSTests.framework */; };
		570AAB57298EA026006CB64C /* MarkerInfoWindowView.xib in Resources */ = {isa = PBXBuildFile; fileRef = 570AAB56298EA026006CB64C /* MarkerInfoWindowView.xib */; };
		570AAB5B2990F2FB006CB64C /* SearchPlaceViewController.swift in Sources */ = {isa = PBXBuildFile; fileRef = 570AAB5A2990F2FB006CB64C /* SearchPlaceViewController.swift */; };
		570AAB5F29911C1D006CB64C /* PlaceDetailViewController.swift in Sources */ = {isa = PBXBuildFile; fileRef = 570AAB5E29911C1D006CB64C /* PlaceDetailViewController.swift */; };
		570AAB6B29916044006CB64C /* PlaceInfoTableViewCell.swift in Sources */ = {isa = PBXBuildFile; fileRef = 570AAB6929916044006CB64C /* PlaceInfoTableViewCell.swift */; };
		570AAB6C29916044006CB64C /* PlaceInfoTableViewCell.xib in Resources */ = {isa = PBXBuildFile; fileRef = 570AAB6A29916044006CB64C /* PlaceInfoTableViewCell.xib */; };
		570AAB6F299173E2006CB64C /* PlaceLocationMapTableViewCell.swift in Sources */ = {isa = PBXBuildFile; fileRef = 570AAB6D299173E2006CB64C /* PlaceLocationMapTableViewCell.swift */; };
		570AAB70299173E2006CB64C /* PlaceLocationMapTableViewCell.xib in Resources */ = {isa = PBXBuildFile; fileRef = 570AAB6E299173E2006CB64C /* PlaceLocationMapTableViewCell.xib */; };
		570AAB7329917850006CB64C /* PlacePhotosTableViewCell.swift in Sources */ = {isa = PBXBuildFile; fileRef = 570AAB7129917850006CB64C /* PlacePhotosTableViewCell.swift */; };
		570AAB7429917850006CB64C /* PlacePhotosTableViewCell.xib in Resources */ = {isa = PBXBuildFile; fileRef = 570AAB7229917850006CB64C /* PlacePhotosTableViewCell.xib */; };
		570AAB79299180CC006CB64C /* PlacePhotoCollectionViewCell.swift in Sources */ = {isa = PBXBuildFile; fileRef = 570AAB77299180CC006CB64C /* PlacePhotoCollectionViewCell.swift */; };
		570AAB7A299180CC006CB64C /* PlacePhotoCollectionViewCell.xib in Resources */ = {isa = PBXBuildFile; fileRef = 570AAB78299180CC006CB64C /* PlacePhotoCollectionViewCell.xib */; };
		570AAB7E29919C6E006CB64C /* UIImageView+Ext.swift in Sources */ = {isa = PBXBuildFile; fileRef = 570AAB7D29919C6E006CB64C /* UIImageView+Ext.swift */; };
		5719B57A298BA302008572CF /* UserNetManager.swift in Sources */ = {isa = PBXBuildFile; fileRef = 5719B579298BA302008572CF /* UserNetManager.swift */; };
		571BD16F29879136000A7F34 /* Schedule.swift in Sources */ = {isa = PBXBuildFile; fileRef = 571BD16E29879136000A7F34 /* Schedule.swift */; };
		571FF69C29A3C787005E54F6 /* Spending.swift in Sources */ = {isa = PBXBuildFile; fileRef = 571FF69B29A3C787005E54F6 /* Spending.swift */; };
		571FF69E29A3C88F005E54F6 /* SpendingNetManager.swift in Sources */ = {isa = PBXBuildFile; fileRef = 571FF69D29A3C88F005E54F6 /* SpendingNetManager.swift */; };
		571FF6A029A3CFF7005E54F6 /* Photo.swift in Sources */ = {isa = PBXBuildFile; fileRef = 571FF69F29A3CFF7005E54F6 /* Photo.swift */; };
		571FF6A229A3D0A0005E54F6 /* PhotoNetManager.swift in Sources */ = {isa = PBXBuildFile; fileRef = 571FF6A129A3D0A0005E54F6 /* PhotoNetManager.swift */; };
		573941A9297ED1E900E69D8F /* Constants.swift in Sources */ = {isa = PBXBuildFile; fileRef = 573941A8297ED1E900E69D8F /* Constants.swift */; };
		573941AC2980E57000E69D8F /* MapViewController.swift in Sources */ = {isa = PBXBuildFile; fileRef = 573941AB2980E57000E69D8F /* MapViewController.swift */; };
		576B64BE29996EBF002609FA /* MainPlanHeaderView.xib in Resources */ = {isa = PBXBuildFile; fileRef = 576B64BD29996EBF002609FA /* MainPlanHeaderView.xib */; };
		576B64C029996F1A002609FA /* MainPlanHeaderView.swift in Sources */ = {isa = PBXBuildFile; fileRef = 576B64BF29996F1A002609FA /* MainPlanHeaderView.swift */; };
		576B64C3299970FA002609FA /* MainPlanTableViewCell.swift in Sources */ = {isa = PBXBuildFile; fileRef = 576B64C1299970FA002609FA /* MainPlanTableViewCell.swift */; };
		576B64C4299970FA002609FA /* MainPlanTableViewCell.xib in Resources */ = {isa = PBXBuildFile; fileRef = 576B64C2299970FA002609FA /* MainPlanTableViewCell.xib */; };
		576B64C629997361002609FA /* MainPlanFooterView.xib in Resources */ = {isa = PBXBuildFile; fileRef = 576B64C529997361002609FA /* MainPlanFooterView.xib */; };
		576B64C82999737F002609FA /* MainPlanFooterView.swift in Sources */ = {isa = PBXBuildFile; fileRef = 576B64C72999737F002609FA /* MainPlanFooterView.swift */; };
		576B64CA299A0895002609FA /* WritingPageViewController.swift in Sources */ = {isa = PBXBuildFile; fileRef = 576B64C9299A0895002609FA /* WritingPageViewController.swift */; };
		576C0DBA298A325900485AD5 /* UserDefaults+Ext.swift in Sources */ = {isa = PBXBuildFile; fileRef = 576C0DB9298A325900485AD5 /* UserDefaults+Ext.swift */; };
		576C0DBC298A327100485AD5 /* User.swift in Sources */ = {isa = PBXBuildFile; fileRef = 576C0DBB298A327100485AD5 /* User.swift */; };
		5775975D2976541F008CB199 /* HomeViewController.swift in Sources */ = {isa = PBXBuildFile; fileRef = 5775975C2976541F008CB199 /* HomeViewController.swift */; };
		577B8F7B2979044600FBD1EB /* OCRNetManager.swift in Sources */ = {isa = PBXBuildFile; fileRef = 577B8F7A2979044600FBD1EB /* OCRNetManager.swift */; };
		577B8F7D297A7E6500FBD1EB /* OCRResult.swift in Sources */ = {isa = PBXBuildFile; fileRef = 577B8F7C297A7E6500FBD1EB /* OCRResult.swift */; };
		5780874C296BEB5500D2BAF8 /* AppDelegate.swift in Sources */ = {isa = PBXBuildFile; fileRef = 5780874B296BEB5500D2BAF8 /* AppDelegate.swift */; };
		5780874E296BEB5500D2BAF8 /* SceneDelegate.swift in Sources */ = {isa = PBXBuildFile; fileRef = 5780874D296BEB5500D2BAF8 /* SceneDelegate.swift */; };
		57808750296BEB5500D2BAF8 /* LoginViewController.swift in Sources */ = {isa = PBXBuildFile; fileRef = 5780874F296BEB5500D2BAF8 /* LoginViewController.swift */; };
		57808753296BEB5500D2BAF8 /* Main.storyboard in Resources */ = {isa = PBXBuildFile; fileRef = 57808751296BEB5500D2BAF8 /* Main.storyboard */; };
		57808755296BEB5600D2BAF8 /* Assets.xcassets in Resources */ = {isa = PBXBuildFile; fileRef = 57808754296BEB5600D2BAF8 /* Assets.xcassets */; };
		57808758296BEB5600D2BAF8 /* LaunchScreen.storyboard in Resources */ = {isa = PBXBuildFile; fileRef = 57808756296BEB5600D2BAF8 /* LaunchScreen.storyboard */; };
		57808763296BEB5600D2BAF8 /* iOSTests.swift in Sources */ = {isa = PBXBuildFile; fileRef = 57808762296BEB5600D2BAF8 /* iOSTests.swift */; };
		5780876D296BEB5600D2BAF8 /* iOSUITests.swift in Sources */ = {isa = PBXBuildFile; fileRef = 5780876C296BEB5600D2BAF8 /* iOSUITests.swift */; };
		5780876F296BEB5600D2BAF8 /* iOSUITestsLaunchTests.swift in Sources */ = {isa = PBXBuildFile; fileRef = 5780876E296BEB5600D2BAF8 /* iOSUITestsLaunchTests.swift */; };
		5793B7722988CFAD00649F23 /* ScheduleNetManager.swift in Sources */ = {isa = PBXBuildFile; fileRef = 5793B7712988CFAD00649F23 /* ScheduleNetManager.swift */; };
		5794116929710FEB009192DD /* Bundle+Ext.swift in Sources */ = {isa = PBXBuildFile; fileRef = 5794116829710FEB009192DD /* Bundle+Ext.swift */; };
		57A1205F297128A7008F5572 /* GoogleService-Info.plist in Resources */ = {isa = PBXBuildFile; fileRef = 57A1205E297128A7008F5572 /* GoogleService-Info.plist */; };
		57C399D22982383600F63900 /* PlaceNetManager.swift in Sources */ = {isa = PBXBuildFile; fileRef = 57C399D12982383600F63900 /* PlaceNetManager.swift */; };
		57C399D42982385300F63900 /* Place.swift in Sources */ = {isa = PBXBuildFile; fileRef = 57C399D32982385300F63900 /* Place.swift */; };
		57D5F3C62A484533007CA2F8 /* SUITE-Regular.ttf in Resources */ = {isa = PBXBuildFile; fileRef = 57D5F3C02A484533007CA2F8 /* SUITE-Regular.ttf */; };
		57D5F3C72A484533007CA2F8 /* SUITE-Medium.ttf in Resources */ = {isa = PBXBuildFile; fileRef = 57D5F3C12A484533007CA2F8 /* SUITE-Medium.ttf */; };
		57D5F3C82A484533007CA2F8 /* SUITE-ExtraBold.ttf in Resources */ = {isa = PBXBuildFile; fileRef = 57D5F3C22A484533007CA2F8 /* SUITE-ExtraBold.ttf */; };
		57D5F3C92A484533007CA2F8 /* SUITE-SemiBold.ttf in Resources */ = {isa = PBXBuildFile; fileRef = 57D5F3C32A484533007CA2F8 /* SUITE-SemiBold.ttf */; };
		57D5F3CA2A484533007CA2F8 /* SUITE-Bold.ttf in Resources */ = {isa = PBXBuildFile; fileRef = 57D5F3C42A484533007CA2F8 /* SUITE-Bold.ttf */; };
		57D5F3CB2A484533007CA2F8 /* SUITE-Light.ttf in Resources */ = {isa = PBXBuildFile; fileRef = 57D5F3C52A484533007CA2F8 /* SUITE-Light.ttf */; };
		57EAE5662A4574DD001F4FF3 /* record.json in Resources */ = {isa = PBXBuildFile; fileRef = 57EAE55E2A4574DD001F4FF3 /* record.json */; };
		57EAE5672A4574DD001F4FF3 /* airplane.json in Resources */ = {isa = PBXBuildFile; fileRef = 57EAE55F2A4574DD001F4FF3 /* airplane.json */; };
		57EAE5682A4574DD001F4FF3 /* scrollDown.json in Resources */ = {isa = PBXBuildFile; fileRef = 57EAE5602A4574DD001F4FF3 /* scrollDown.json */; };
		57EAE5692A4574DD001F4FF3 /* mapmaker.json in Resources */ = {isa = PBXBuildFile; fileRef = 57EAE5612A4574DD001F4FF3 /* mapmaker.json */; };
		57EAE56A2A4574DD001F4FF3 /* linedown.json in Resources */ = {isa = PBXBuildFile; fileRef = 57EAE5622A4574DD001F4FF3 /* linedown.json */; };
		57EAE56B2A4574DD001F4FF3 /* calendar.json in Resources */ = {isa = PBXBuildFile; fileRef = 57EAE5632A4574DD001F4FF3 /* calendar.json */; };
		57EAE56C2A4574DD001F4FF3 /* paperplane.json in Resources */ = {isa = PBXBuildFile; fileRef = 57EAE5642A4574DD001F4FF3 /* paperplane.json */; };
		57EAE56D2A4574DD001F4FF3 /* right-arrow.json in Resources */ = {isa = PBXBuildFile; fileRef = 57EAE5652A4574DD001F4FF3 /* right-arrow.json */; };
		57F9FFEF298E74CA0045E7D0 /* MarkerInfoWindowView.swift in Sources */ = {isa = PBXBuildFile; fileRef = 57F9FFEE298E74CA0045E7D0 /* MarkerInfoWindowView.swift */; };
		BF0CCB2429DF128300720875 /* ProfileEditViewController.swift in Sources */ = {isa = PBXBuildFile; fileRef = BF0CCB2329DF128300720875 /* ProfileEditViewController.swift */; };
		BF64B761299A1921009C5937 /* AlbumImagePopUpController.swift in Sources */ = {isa = PBXBuildFile; fileRef = BF64B760299A1921009C5937 /* AlbumImagePopUpController.swift */; };
		BF678DBA29E5A75900AB9597 /* SelectRegionViewController.swift in Sources */ = {isa = PBXBuildFile; fileRef = BF678DB929E5A75900AB9597 /* SelectRegionViewController.swift */; };
		BF6A5F3B2994AFB3008B76B6 /* MyPageScheduleViewController.swift in Sources */ = {isa = PBXBuildFile; fileRef = BF6A5F3A2994AFB3008B76B6 /* MyPageScheduleViewController.swift */; };
		BF7D3F8929E5760F008F81E9 /* ScheduleEditViewController.swift in Sources */ = {isa = PBXBuildFile; fileRef = BF7D3F8829E5760F008F81E9 /* ScheduleEditViewController.swift */; };
		BF8AD682299BB4AF00071565 /* ResultTableController.swift in Sources */ = {isa = PBXBuildFile; fileRef = BF8AD681299BB4AF00071565 /* ResultTableController.swift */; };
		BFA24D9029DFD4570084E417 /* WithDrawMembershipViewController.swift in Sources */ = {isa = PBXBuildFile; fileRef = BFA24D8F29DFD4570084E417 /* WithDrawMembershipViewController.swift */; };
		BFD0F2E129A69B1E0063EEEF /* CategoryNetManager.swift in Sources */ = {isa = PBXBuildFile; fileRef = BFD0F2E029A69B1E0063EEEF /* CategoryNetManager.swift */; };
		BFD0F2E329A69B5C0063EEEF /* Category.swift in Sources */ = {isa = PBXBuildFile; fileRef = BFD0F2E229A69B5C0063EEEF /* Category.swift */; };
		BFD1F9BD29920D2D00D06496 /* MyPageViewController.swift in Sources */ = {isa = PBXBuildFile; fileRef = BFD1F9BC29920D2D00D06496 /* MyPageViewController.swift */; };
		BFE0022D29A8B12700194E58 /* AlbumImageCacheManager.swift in Sources */ = {isa = PBXBuildFile; fileRef = BFE0022C29A8B12700194E58 /* AlbumImageCacheManager.swift */; };
		BFEF3F312999ECEC00DF39FE /* AlbumViewController.swift in Sources */ = {isa = PBXBuildFile; fileRef = BFEF3F302999ECEC00DF39FE /* AlbumViewController.swift */; };
		BFF858402994B98F00C7F289 /* MyPageSpendingViewController.swift in Sources */ = {isa = PBXBuildFile; fileRef = BFF8583F2994B98F00C7F289 /* MyPageSpendingViewController.swift */; };
/* End PBXBuildFile section */

/* Begin PBXContainerItemProxy section */
		5780875F296BEB5600D2BAF8 /* PBXContainerItemProxy */ = {
			isa = PBXContainerItemProxy;
			containerPortal = 57808740296BEB5500D2BAF8 /* Project object */;
			proxyType = 1;
			remoteGlobalIDString = 57808747296BEB5500D2BAF8;
			remoteInfo = iOS;
		};
		57808769296BEB5600D2BAF8 /* PBXContainerItemProxy */ = {
			isa = PBXContainerItemProxy;
			containerPortal = 57808740296BEB5500D2BAF8 /* Project object */;
			proxyType = 1;
			remoteGlobalIDString = 57808747296BEB5500D2BAF8;
			remoteInfo = iOS;
		};
/* End PBXContainerItemProxy section */

/* Begin PBXCopyFilesBuildPhase section */
		374781632A3F4FFF007057D8 /* Embed Frameworks */ = {
			isa = PBXCopyFilesBuildPhase;
			buildActionMask = 8;
			dstPath = "";
			dstSubfolderSpec = 10;
			files = (
				374781622A3F4FFE007057D8 /* Pods_iOS.framework in Embed Frameworks */,
			);
			name = "Embed Frameworks";
			runOnlyForDeploymentPostprocessing = 1;
		};
/* End PBXCopyFilesBuildPhase section */

/* Begin PBXFileReference section */
		1456B02B228DC8C37E5ED3AC /* Pods-iOS-iOSUITests.debug.xcconfig */ = {isa = PBXFileReference; includeInIndex = 1; lastKnownFileType = text.xcconfig; name = "Pods-iOS-iOSUITests.debug.xcconfig"; path = "Target Support Files/Pods-iOS-iOSUITests/Pods-iOS-iOSUITests.debug.xcconfig"; sourceTree = "<group>"; };
		207460B44357D9F4D787BFC5 /* Pods-iOS.release.xcconfig */ = {isa = PBXFileReference; includeInIndex = 1; lastKnownFileType = text.xcconfig; name = "Pods-iOS.release.xcconfig"; path = "Target Support Files/Pods-iOS/Pods-iOS.release.xcconfig"; sourceTree = "<group>"; };
		34A3E75F0EC9355F20B34FF4 /* Pods-iOS.debug.xcconfig */ = {isa = PBXFileReference; includeInIndex = 1; lastKnownFileType = text.xcconfig; name = "Pods-iOS.debug.xcconfig"; path = "Target Support Files/Pods-iOS/Pods-iOS.debug.xcconfig"; sourceTree = "<group>"; };
		370DCB0529A0DD4C007B4FDD /* GetpriceTableViewCell.swift */ = {isa = PBXFileReference; lastKnownFileType = sourcecode.swift; path = GetpriceTableViewCell.swift; sourceTree = "<group>"; };
		370EFC232A70FCC100602129 /* func+Ext.swift */ = {isa = PBXFileReference; lastKnownFileType = sourcecode.swift; path = "func+Ext.swift"; sourceTree = "<group>"; };
		371DC5A129E58DB700EFD154 /* WritingEditPhotoCollectionViewCell.swift */ = {isa = PBXFileReference; lastKnownFileType = sourcecode.swift; path = WritingEditPhotoCollectionViewCell.swift; sourceTree = "<group>"; };
		371DC5A329E58E5000EFD154 /* WriteEditPhotoViewController.swift */ = {isa = PBXFileReference; lastKnownFileType = sourcecode.swift; path = WriteEditPhotoViewController.swift; sourceTree = "<group>"; };
		372183B7299A201100373F9C /* WritingEditPageViewController.swift */ = {isa = PBXFileReference; lastKnownFileType = sourcecode.swift; path = WritingEditPageViewController.swift; sourceTree = "<group>"; };
		373A081B29E9A3AA00D228A9 /* WebsiteViewController.swift */ = {isa = PBXFileReference; lastKnownFileType = sourcecode.swift; path = WebsiteViewController.swift; sourceTree = "<group>"; };
		3742356E299F3C390049DFA1 /* ReceiptViewController.swift */ = {isa = PBXFileReference; lastKnownFileType = sourcecode.swift; path = ReceiptViewController.swift; sourceTree = "<group>"; };
		37423570299F41FE0049DFA1 /* EditTableViewCell.swift */ = {isa = PBXFileReference; lastKnownFileType = sourcecode.swift; path = EditTableViewCell.swift; sourceTree = "<group>"; };
		374A5B0C2A1B9BA200901247 /* BlankCollectionViewCell.swift */ = {isa = PBXFileReference; lastKnownFileType = sourcecode.swift; path = BlankCollectionViewCell.swift; sourceTree = "<group>"; };
		374A5B0D2A1B9BA200901247 /* BlankCollectionViewCell.xib */ = {isa = PBXFileReference; lastKnownFileType = file.xib; path = BlankCollectionViewCell.xib; sourceTree = "<group>"; };
		375EBD612A45E0E1009225F1 /* Font+Ext.swift */ = {isa = PBXFileReference; lastKnownFileType = sourcecode.swift; path = "Font+Ext.swift"; sourceTree = "<group>"; };
		3764F655297B974400014FFE /* FirstCollectionViewCell.swift */ = {isa = PBXFileReference; lastKnownFileType = sourcecode.swift; path = FirstCollectionViewCell.swift; sourceTree = "<group>"; };
		3764F656297B974400014FFE /* FirstCollectionViewCell.xib */ = {isa = PBXFileReference; lastKnownFileType = file.xib; path = FirstCollectionViewCell.xib; sourceTree = "<group>"; };
		3764F659297B97A900014FFE /* SecondCollectionViewCell.swift */ = {isa = PBXFileReference; lastKnownFileType = sourcecode.swift; path = SecondCollectionViewCell.swift; sourceTree = "<group>"; };
		3764F65A297B97A900014FFE /* SecondCollectionViewCell.xib */ = {isa = PBXFileReference; lastKnownFileType = file.xib; path = SecondCollectionViewCell.xib; sourceTree = "<group>"; };
		3764F661297B97FC00014FFE /* FirstTableViewCell.swift */ = {isa = PBXFileReference; lastKnownFileType = sourcecode.swift; path = FirstTableViewCell.swift; sourceTree = "<group>"; };
		3764F662297B97FC00014FFE /* FirstTableViewCell.xib */ = {isa = PBXFileReference; lastKnownFileType = file.xib; path = FirstTableViewCell.xib; sourceTree = "<group>"; };
		3764F665297B980800014FFE /* SecondTableViewCell.swift */ = {isa = PBXFileReference; lastKnownFileType = sourcecode.swift; path = SecondTableViewCell.swift; sourceTree = "<group>"; };
		3764F666297B980800014FFE /* SecondTableViewCell.xib */ = {isa = PBXFileReference; lastKnownFileType = file.xib; path = SecondTableViewCell.xib; sourceTree = "<group>"; };
		3764F669297BB04800014FFE /* CalendarTableViewCell.swift */ = {isa = PBXFileReference; lastKnownFileType = sourcecode.swift; path = CalendarTableViewCell.swift; sourceTree = "<group>"; };
		3764F66A297BB04800014FFE /* CalendarTableViewCell.xib */ = {isa = PBXFileReference; lastKnownFileType = file.xib; path = CalendarTableViewCell.xib; sourceTree = "<group>"; };
		3785E3EA29E1932B001535C0 /* HomeTravelCollectionViewCell.swift */ = {isa = PBXFileReference; lastKnownFileType = sourcecode.swift; path = HomeTravelCollectionViewCell.swift; sourceTree = "<group>"; };
		3785E3EC29E19AF8001535C0 /* ExtensionHomeTravelCollectionViewCell.swift */ = {isa = PBXFileReference; lastKnownFileType = sourcecode.swift; path = ExtensionHomeTravelCollectionViewCell.swift; sourceTree = "<group>"; };
		3785E3ED29E19AF8001535C0 /* ExtensionHomeTravelCollectionViewCell.xib */ = {isa = PBXFileReference; lastKnownFileType = file.xib; path = ExtensionHomeTravelCollectionViewCell.xib; sourceTree = "<group>"; };
		3785E3F029E1A15A001535C0 /* NoExHomeTravelCollectionViewCell.swift */ = {isa = PBXFileReference; lastKnownFileType = sourcecode.swift; path = NoExHomeTravelCollectionViewCell.swift; sourceTree = "<group>"; };
		3785E3F129E1A15A001535C0 /* NoExHomeTravelCollectionViewCell.xib */ = {isa = PBXFileReference; lastKnownFileType = file.xib; path = NoExHomeTravelCollectionViewCell.xib; sourceTree = "<group>"; };
		37B7BE87298564F900786A1F /* SlideView.swift */ = {isa = PBXFileReference; lastKnownFileType = sourcecode.swift; path = SlideView.swift; sourceTree = "<group>"; };
		37B7E32029E801EF00F1BDEB /* WritingEditPhotosCollectionViewCell.swift */ = {isa = PBXFileReference; lastKnownFileType = sourcecode.swift; path = WritingEditPhotosCollectionViewCell.swift; sourceTree = "<group>"; };
		37CBE79629EBC8D100BA93A9 /* NavitaionBar+Ext.swift */ = {isa = PBXFileReference; lastKnownFileType = sourcecode.swift; path = "NavitaionBar+Ext.swift"; sourceTree = "<group>"; };
		37E055FB2A457CEF00A08CC9 /* SecretKey.plist */ = {isa = PBXFileReference; lastKnownFileType = text.plist.xml; path = SecretKey.plist; sourceTree = "<group>"; };
		37ECD61F29865D64005E21D4 /* MainPlanViewController.swift */ = {isa = PBXFileReference; lastKnownFileType = sourcecode.swift; path = MainPlanViewController.swift; sourceTree = "<group>"; };
		37ECD62129866358005E21D4 /* Region.swift */ = {isa = PBXFileReference; lastKnownFileType = sourcecode.swift; name = Region.swift; path = Models/Region.swift; sourceTree = "<group>"; };
		37ECD6232986649D005E21D4 /* RegionDataManager.swift */ = {isa = PBXFileReference; lastKnownFileType = sourcecode.swift; name = RegionDataManager.swift; path = Models/RegionDataManager.swift; sourceTree = "<group>"; };
		37ECD625298676C8005E21D4 /* UIView+Ext.swift */ = {isa = PBXFileReference; lastKnownFileType = sourcecode.swift; path = "UIView+Ext.swift"; sourceTree = "<group>"; };
		37F18C4A29856B2C003C8EF2 /* PlanningViewController.swift */ = {isa = PBXFileReference; lastKnownFileType = sourcecode.swift; path = PlanningViewController.swift; sourceTree = "<group>"; };
		37F18C4C29856CFD003C8EF2 /* SearchPlaceTableViewCell.swift */ = {isa = PBXFileReference; lastKnownFileType = sourcecode.swift; path = SearchPlaceTableViewCell.swift; sourceTree = "<group>"; };
		37F18C4D29856CFD003C8EF2 /* SearchPlaceTableViewCell.xib */ = {isa = PBXFileReference; lastKnownFileType = file.xib; path = SearchPlaceTableViewCell.xib; sourceTree = "<group>"; };
		570AAB56298EA026006CB64C /* MarkerInfoWindowView.xib */ = {isa = PBXFileReference; fileEncoding = 4; lastKnownFileType = file.xib; path = MarkerInfoWindowView.xib; sourceTree = "<group>"; };
		570AAB5A2990F2FB006CB64C /* SearchPlaceViewController.swift */ = {isa = PBXFileReference; lastKnownFileType = sourcecode.swift; path = SearchPlaceViewController.swift; sourceTree = "<group>"; };
		570AAB5E29911C1D006CB64C /* PlaceDetailViewController.swift */ = {isa = PBXFileReference; lastKnownFileType = sourcecode.swift; path = PlaceDetailViewController.swift; sourceTree = "<group>"; };
		570AAB6929916044006CB64C /* PlaceInfoTableViewCell.swift */ = {isa = PBXFileReference; lastKnownFileType = sourcecode.swift; path = PlaceInfoTableViewCell.swift; sourceTree = "<group>"; };
		570AAB6A29916044006CB64C /* PlaceInfoTableViewCell.xib */ = {isa = PBXFileReference; lastKnownFileType = file.xib; path = PlaceInfoTableViewCell.xib; sourceTree = "<group>"; };
		570AAB6D299173E2006CB64C /* PlaceLocationMapTableViewCell.swift */ = {isa = PBXFileReference; lastKnownFileType = sourcecode.swift; path = PlaceLocationMapTableViewCell.swift; sourceTree = "<group>"; };
		570AAB6E299173E2006CB64C /* PlaceLocationMapTableViewCell.xib */ = {isa = PBXFileReference; lastKnownFileType = file.xib; path = PlaceLocationMapTableViewCell.xib; sourceTree = "<group>"; };
		570AAB7129917850006CB64C /* PlacePhotosTableViewCell.swift */ = {isa = PBXFileReference; lastKnownFileType = sourcecode.swift; path = PlacePhotosTableViewCell.swift; sourceTree = "<group>"; };
		570AAB7229917850006CB64C /* PlacePhotosTableViewCell.xib */ = {isa = PBXFileReference; lastKnownFileType = file.xib; path = PlacePhotosTableViewCell.xib; sourceTree = "<group>"; };
		570AAB77299180CC006CB64C /* PlacePhotoCollectionViewCell.swift */ = {isa = PBXFileReference; lastKnownFileType = sourcecode.swift; path = PlacePhotoCollectionViewCell.swift; sourceTree = "<group>"; };
		570AAB78299180CC006CB64C /* PlacePhotoCollectionViewCell.xib */ = {isa = PBXFileReference; lastKnownFileType = file.xib; path = PlacePhotoCollectionViewCell.xib; sourceTree = "<group>"; };
		570AAB7D29919C6E006CB64C /* UIImageView+Ext.swift */ = {isa = PBXFileReference; lastKnownFileType = sourcecode.swift; path = "UIImageView+Ext.swift"; sourceTree = "<group>"; };
		5719B579298BA302008572CF /* UserNetManager.swift */ = {isa = PBXFileReference; lastKnownFileType = sourcecode.swift; path = UserNetManager.swift; sourceTree = "<group>"; };
		571BD16E29879136000A7F34 /* Schedule.swift */ = {isa = PBXFileReference; lastKnownFileType = sourcecode.swift; name = Schedule.swift; path = Models/DBTables/Schedule.swift; sourceTree = "<group>"; };
		571FF69B29A3C787005E54F6 /* Spending.swift */ = {isa = PBXFileReference; lastKnownFileType = sourcecode.swift; name = Spending.swift; path = Models/DBTables/Spending.swift; sourceTree = "<group>"; };
		571FF69D29A3C88F005E54F6 /* SpendingNetManager.swift */ = {isa = PBXFileReference; lastKnownFileType = sourcecode.swift; path = SpendingNetManager.swift; sourceTree = "<group>"; };
		571FF69F29A3CFF7005E54F6 /* Photo.swift */ = {isa = PBXFileReference; lastKnownFileType = sourcecode.swift; name = Photo.swift; path = Models/DBTables/Photo.swift; sourceTree = "<group>"; };
		571FF6A129A3D0A0005E54F6 /* PhotoNetManager.swift */ = {isa = PBXFileReference; lastKnownFileType = sourcecode.swift; path = PhotoNetManager.swift; sourceTree = "<group>"; };
		573941A8297ED1E900E69D8F /* Constants.swift */ = {isa = PBXFileReference; lastKnownFileType = sourcecode.swift; path = Constants.swift; sourceTree = "<group>"; };
		573941AB2980E57000E69D8F /* MapViewController.swift */ = {isa = PBXFileReference; lastKnownFileType = sourcecode.swift; path = MapViewController.swift; sourceTree = "<group>"; };
		576B64BD29996EBF002609FA /* MainPlanHeaderView.xib */ = {isa = PBXFileReference; lastKnownFileType = file.xib; path = MainPlanHeaderView.xib; sourceTree = "<group>"; };
		576B64BF29996F1A002609FA /* MainPlanHeaderView.swift */ = {isa = PBXFileReference; lastKnownFileType = sourcecode.swift; path = MainPlanHeaderView.swift; sourceTree = "<group>"; };
		576B64C1299970FA002609FA /* MainPlanTableViewCell.swift */ = {isa = PBXFileReference; lastKnownFileType = sourcecode.swift; path = MainPlanTableViewCell.swift; sourceTree = "<group>"; };
		576B64C2299970FA002609FA /* MainPlanTableViewCell.xib */ = {isa = PBXFileReference; lastKnownFileType = file.xib; path = MainPlanTableViewCell.xib; sourceTree = "<group>"; };
		576B64C529997361002609FA /* MainPlanFooterView.xib */ = {isa = PBXFileReference; lastKnownFileType = file.xib; path = MainPlanFooterView.xib; sourceTree = "<group>"; };
		576B64C72999737F002609FA /* MainPlanFooterView.swift */ = {isa = PBXFileReference; lastKnownFileType = sourcecode.swift; path = MainPlanFooterView.swift; sourceTree = "<group>"; };
		576B64C9299A0895002609FA /* WritingPageViewController.swift */ = {isa = PBXFileReference; lastKnownFileType = sourcecode.swift; path = WritingPageViewController.swift; sourceTree = "<group>"; };
		576C0DB9298A325900485AD5 /* UserDefaults+Ext.swift */ = {isa = PBXFileReference; lastKnownFileType = sourcecode.swift; path = "UserDefaults+Ext.swift"; sourceTree = "<group>"; };
		576C0DBB298A327100485AD5 /* User.swift */ = {isa = PBXFileReference; lastKnownFileType = sourcecode.swift; name = User.swift; path = Models/DBTables/User.swift; sourceTree = "<group>"; };
		5775975C2976541F008CB199 /* HomeViewController.swift */ = {isa = PBXFileReference; lastKnownFileType = sourcecode.swift; path = HomeViewController.swift; sourceTree = "<group>"; };
		577B8F7A2979044600FBD1EB /* OCRNetManager.swift */ = {isa = PBXFileReference; lastKnownFileType = sourcecode.swift; path = OCRNetManager.swift; sourceTree = "<group>"; };
		577B8F7C297A7E6500FBD1EB /* OCRResult.swift */ = {isa = PBXFileReference; lastKnownFileType = sourcecode.swift; name = OCRResult.swift; path = Models/OCRResult.swift; sourceTree = "<group>"; };
		57808748296BEB5500D2BAF8 /* iOS.app */ = {isa = PBXFileReference; explicitFileType = wrapper.application; includeInIndex = 0; path = iOS.app; sourceTree = BUILT_PRODUCTS_DIR; };
		5780874B296BEB5500D2BAF8 /* AppDelegate.swift */ = {isa = PBXFileReference; lastKnownFileType = sourcecode.swift; path = AppDelegate.swift; sourceTree = "<group>"; };
		5780874D296BEB5500D2BAF8 /* SceneDelegate.swift */ = {isa = PBXFileReference; lastKnownFileType = sourcecode.swift; path = SceneDelegate.swift; sourceTree = "<group>"; };
		5780874F296BEB5500D2BAF8 /* LoginViewController.swift */ = {isa = PBXFileReference; lastKnownFileType = sourcecode.swift; path = LoginViewController.swift; sourceTree = "<group>"; };
		57808752296BEB5500D2BAF8 /* Base */ = {isa = PBXFileReference; lastKnownFileType = file.storyboard; name = Base; path = Base.lproj/Main.storyboard; sourceTree = "<group>"; };
		57808754296BEB5600D2BAF8 /* Assets.xcassets */ = {isa = PBXFileReference; lastKnownFileType = folder.assetcatalog; path = Assets.xcassets; sourceTree = "<group>"; };
		57808757296BEB5600D2BAF8 /* Base */ = {isa = PBXFileReference; lastKnownFileType = file.storyboard; name = Base; path = Base.lproj/LaunchScreen.storyboard; sourceTree = "<group>"; };
		57808759296BEB5600D2BAF8 /* Info.plist */ = {isa = PBXFileReference; lastKnownFileType = text.plist.xml; path = Info.plist; sourceTree = "<group>"; };
		5780875E296BEB5600D2BAF8 /* iOSTests.xctest */ = {isa = PBXFileReference; explicitFileType = wrapper.cfbundle; includeInIndex = 0; path = iOSTests.xctest; sourceTree = BUILT_PRODUCTS_DIR; };
		57808762296BEB5600D2BAF8 /* iOSTests.swift */ = {isa = PBXFileReference; lastKnownFileType = sourcecode.swift; path = iOSTests.swift; sourceTree = "<group>"; };
		57808768296BEB5600D2BAF8 /* iOSUITests.xctest */ = {isa = PBXFileReference; explicitFileType = wrapper.cfbundle; includeInIndex = 0; path = iOSUITests.xctest; sourceTree = BUILT_PRODUCTS_DIR; };
		5780876C296BEB5600D2BAF8 /* iOSUITests.swift */ = {isa = PBXFileReference; lastKnownFileType = sourcecode.swift; path = iOSUITests.swift; sourceTree = "<group>"; };
		5780876E296BEB5600D2BAF8 /* iOSUITestsLaunchTests.swift */ = {isa = PBXFileReference; lastKnownFileType = sourcecode.swift; path = iOSUITestsLaunchTests.swift; sourceTree = "<group>"; };
		5793B7712988CFAD00649F23 /* ScheduleNetManager.swift */ = {isa = PBXFileReference; lastKnownFileType = sourcecode.swift; path = ScheduleNetManager.swift; sourceTree = "<group>"; };
		5794116829710FEB009192DD /* Bundle+Ext.swift */ = {isa = PBXFileReference; lastKnownFileType = sourcecode.swift; path = "Bundle+Ext.swift"; sourceTree = "<group>"; };
		57A1205E297128A7008F5572 /* GoogleService-Info.plist */ = {isa = PBXFileReference; fileEncoding = 4; lastKnownFileType = text.plist.xml; path = "GoogleService-Info.plist"; sourceTree = "<group>"; };
		57C399D12982383600F63900 /* PlaceNetManager.swift */ = {isa = PBXFileReference; lastKnownFileType = sourcecode.swift; path = PlaceNetManager.swift; sourceTree = "<group>"; };
		57C399D32982385300F63900 /* Place.swift */ = {isa = PBXFileReference; lastKnownFileType = sourcecode.swift; name = Place.swift; path = Models/DBTables/Place.swift; sourceTree = "<group>"; };
		57D5F3C02A484533007CA2F8 /* SUITE-Regular.ttf */ = {isa = PBXFileReference; lastKnownFileType = file; path = "SUITE-Regular.ttf"; sourceTree = "<group>"; };
		57D5F3C12A484533007CA2F8 /* SUITE-Medium.ttf */ = {isa = PBXFileReference; lastKnownFileType = file; path = "SUITE-Medium.ttf"; sourceTree = "<group>"; };
		57D5F3C22A484533007CA2F8 /* SUITE-ExtraBold.ttf */ = {isa = PBXFileReference; lastKnownFileType = file; path = "SUITE-ExtraBold.ttf"; sourceTree = "<group>"; };
		57D5F3C32A484533007CA2F8 /* SUITE-SemiBold.ttf */ = {isa = PBXFileReference; lastKnownFileType = file; path = "SUITE-SemiBold.ttf"; sourceTree = "<group>"; };
		57D5F3C42A484533007CA2F8 /* SUITE-Bold.ttf */ = {isa = PBXFileReference; lastKnownFileType = file; path = "SUITE-Bold.ttf"; sourceTree = "<group>"; };
		57D5F3C52A484533007CA2F8 /* SUITE-Light.ttf */ = {isa = PBXFileReference; lastKnownFileType = file; path = "SUITE-Light.ttf"; sourceTree = "<group>"; };
		57EAE55E2A4574DD001F4FF3 /* record.json */ = {isa = PBXFileReference; fileEncoding = 4; lastKnownFileType = text.json; path = record.json; sourceTree = "<group>"; };
		57EAE55F2A4574DD001F4FF3 /* airplane.json */ = {isa = PBXFileReference; fileEncoding = 4; lastKnownFileType = text.json; path = airplane.json; sourceTree = "<group>"; };
		57EAE5602A4574DD001F4FF3 /* scrollDown.json */ = {isa = PBXFileReference; fileEncoding = 4; lastKnownFileType = text.json; path = scrollDown.json; sourceTree = "<group>"; };
		57EAE5612A4574DD001F4FF3 /* mapmaker.json */ = {isa = PBXFileReference; fileEncoding = 4; lastKnownFileType = text.json; path = mapmaker.json; sourceTree = "<group>"; };
		57EAE5622A4574DD001F4FF3 /* linedown.json */ = {isa = PBXFileReference; fileEncoding = 4; lastKnownFileType = text.json; path = linedown.json; sourceTree = "<group>"; };
		57EAE5632A4574DD001F4FF3 /* calendar.json */ = {isa = PBXFileReference; fileEncoding = 4; lastKnownFileType = text.json; path = calendar.json; sourceTree = "<group>"; };
		57EAE5642A4574DD001F4FF3 /* paperplane.json */ = {isa = PBXFileReference; fileEncoding = 4; lastKnownFileType = text.json; path = paperplane.json; sourceTree = "<group>"; };
		57EAE5652A4574DD001F4FF3 /* right-arrow.json */ = {isa = PBXFileReference; fileEncoding = 4; lastKnownFileType = text.json; path = "right-arrow.json"; sourceTree = "<group>"; };
		57F9FFEE298E74CA0045E7D0 /* MarkerInfoWindowView.swift */ = {isa = PBXFileReference; lastKnownFileType = sourcecode.swift; path = MarkerInfoWindowView.swift; sourceTree = "<group>"; };
		64D24A0EE6A955DADD4FDED7 /* Pods-iOSTests.debug.xcconfig */ = {isa = PBXFileReference; includeInIndex = 1; lastKnownFileType = text.xcconfig; name = "Pods-iOSTests.debug.xcconfig"; path = "Target Support Files/Pods-iOSTests/Pods-iOSTests.debug.xcconfig"; sourceTree = "<group>"; };
		8E1B9D2FA7E640881D20000C /* Pods_iOSTests.framework */ = {isa = PBXFileReference; explicitFileType = wrapper.framework; includeInIndex = 0; path = Pods_iOSTests.framework; sourceTree = BUILT_PRODUCTS_DIR; };
		94ED1AFAEE2DE97D1C4EE0C7 /* Pods_iOS_iOSUITests.framework */ = {isa = PBXFileReference; explicitFileType = wrapper.framework; includeInIndex = 0; path = Pods_iOS_iOSUITests.framework; sourceTree = BUILT_PRODUCTS_DIR; };
		B9DEE07AD348DC3004CFABF4 /* Pods-iOSTests.release.xcconfig */ = {isa = PBXFileReference; includeInIndex = 1; lastKnownFileType = text.xcconfig; name = "Pods-iOSTests.release.xcconfig"; path = "Target Support Files/Pods-iOSTests/Pods-iOSTests.release.xcconfig"; sourceTree = "<group>"; };
		BF0CCB2329DF128300720875 /* ProfileEditViewController.swift */ = {isa = PBXFileReference; lastKnownFileType = sourcecode.swift; path = ProfileEditViewController.swift; sourceTree = "<group>"; };
		BF64B760299A1921009C5937 /* AlbumImagePopUpController.swift */ = {isa = PBXFileReference; lastKnownFileType = sourcecode.swift; path = AlbumImagePopUpController.swift; sourceTree = "<group>"; };
		BF678DB929E5A75900AB9597 /* SelectRegionViewController.swift */ = {isa = PBXFileReference; lastKnownFileType = sourcecode.swift; path = SelectRegionViewController.swift; sourceTree = "<group>"; };
		BF6A5F3A2994AFB3008B76B6 /* MyPageScheduleViewController.swift */ = {isa = PBXFileReference; lastKnownFileType = sourcecode.swift; path = MyPageScheduleViewController.swift; sourceTree = "<group>"; };
		BF7D3F8829E5760F008F81E9 /* ScheduleEditViewController.swift */ = {isa = PBXFileReference; lastKnownFileType = sourcecode.swift; path = ScheduleEditViewController.swift; sourceTree = "<group>"; };
		BF8AD681299BB4AF00071565 /* ResultTableController.swift */ = {isa = PBXFileReference; lastKnownFileType = sourcecode.swift; path = ResultTableController.swift; sourceTree = "<group>"; };
		BFA24D8F29DFD4570084E417 /* WithDrawMembershipViewController.swift */ = {isa = PBXFileReference; lastKnownFileType = sourcecode.swift; path = WithDrawMembershipViewController.swift; sourceTree = "<group>"; };
		BFD0F2E029A69B1E0063EEEF /* CategoryNetManager.swift */ = {isa = PBXFileReference; lastKnownFileType = sourcecode.swift; path = CategoryNetManager.swift; sourceTree = "<group>"; };
		BFD0F2E229A69B5C0063EEEF /* Category.swift */ = {isa = PBXFileReference; lastKnownFileType = sourcecode.swift; name = Category.swift; path = Models/DBTables/Category.swift; sourceTree = "<group>"; };
		BFD1F9BC29920D2D00D06496 /* MyPageViewController.swift */ = {isa = PBXFileReference; lastKnownFileType = sourcecode.swift; path = MyPageViewController.swift; sourceTree = "<group>"; };
		BFE0022C29A8B12700194E58 /* AlbumImageCacheManager.swift */ = {isa = PBXFileReference; lastKnownFileType = sourcecode.swift; path = AlbumImageCacheManager.swift; sourceTree = "<group>"; };
		BFEF3F302999ECEC00DF39FE /* AlbumViewController.swift */ = {isa = PBXFileReference; lastKnownFileType = sourcecode.swift; path = AlbumViewController.swift; sourceTree = "<group>"; };
		BFF8583F2994B98F00C7F289 /* MyPageSpendingViewController.swift */ = {isa = PBXFileReference; lastKnownFileType = sourcecode.swift; path = MyPageSpendingViewController.swift; sourceTree = "<group>"; };
		D186E571686558A6A981FD3E /* Pods_iOS.framework */ = {isa = PBXFileReference; explicitFileType = wrapper.framework; includeInIndex = 0; path = Pods_iOS.framework; sourceTree = BUILT_PRODUCTS_DIR; };
		F4FA390FF50812A0CA8EBB9F /* Pods-iOS-iOSUITests.release.xcconfig */ = {isa = PBXFileReference; includeInIndex = 1; lastKnownFileType = text.xcconfig; name = "Pods-iOS-iOSUITests.release.xcconfig"; path = "Target Support Files/Pods-iOS-iOSUITests/Pods-iOS-iOSUITests.release.xcconfig"; sourceTree = "<group>"; };
/* End PBXFileReference section */

/* Begin PBXFrameworksBuildPhase section */
		57808745296BEB5500D2BAF8 /* Frameworks */ = {
			isa = PBXFrameworksBuildPhase;
			buildActionMask = 2147483647;
			files = (
				374781612A3F4FFE007057D8 /* Pods_iOS.framework in Frameworks */,
				37E385E42A6A9975004BD17A /* SnapKit in Frameworks */,
			);
			runOnlyForDeploymentPostprocessing = 0;
		};
		5780875B296BEB5600D2BAF8 /* Frameworks */ = {
			isa = PBXFrameworksBuildPhase;
			buildActionMask = 2147483647;
			files = (
				4333AD1A674200E8AAE981B6 /* Pods_iOSTests.framework in Frameworks */,
			);
			runOnlyForDeploymentPostprocessing = 0;
		};
		57808765296BEB5600D2BAF8 /* Frameworks */ = {
			isa = PBXFrameworksBuildPhase;
			buildActionMask = 2147483647;
			files = (
				36D32DEEF1C5607FA325D100 /* Pods_iOS_iOSUITests.framework in Frameworks */,
			);
			runOnlyForDeploymentPostprocessing = 0;
		};
/* End PBXFrameworksBuildPhase section */

/* Begin PBXGroup section */
		04C2C08AC8B1651E816C810F /* Pods */ = {
			isa = PBXGroup;
			children = (
				34A3E75F0EC9355F20B34FF4 /* Pods-iOS.debug.xcconfig */,
				207460B44357D9F4D787BFC5 /* Pods-iOS.release.xcconfig */,
				1456B02B228DC8C37E5ED3AC /* Pods-iOS-iOSUITests.debug.xcconfig */,
				F4FA390FF50812A0CA8EBB9F /* Pods-iOS-iOSUITests.release.xcconfig */,
				64D24A0EE6A955DADD4FDED7 /* Pods-iOSTests.debug.xcconfig */,
				B9DEE07AD348DC3004CFABF4 /* Pods-iOSTests.release.xcconfig */,
			);
			path = Pods;
			sourceTree = "<group>";
		};
		375EBD502A45D885009225F1 /* Font */ = {
			isa = PBXGroup;
			children = (
				57D5F3C42A484533007CA2F8 /* SUITE-Bold.ttf */,
				57D5F3C22A484533007CA2F8 /* SUITE-ExtraBold.ttf */,
				57D5F3C52A484533007CA2F8 /* SUITE-Light.ttf */,
				57D5F3C12A484533007CA2F8 /* SUITE-Medium.ttf */,
				57D5F3C02A484533007CA2F8 /* SUITE-Regular.ttf */,
				57D5F3C32A484533007CA2F8 /* SUITE-SemiBold.ttf */,
			);
			path = Font;
			sourceTree = "<group>";
		};
		3764F654297B972400014FFE /* Home */ = {
			isa = PBXGroup;
			children = (
				3764F655297B974400014FFE /* FirstCollectionViewCell.swift */,
				3764F656297B974400014FFE /* FirstCollectionViewCell.xib */,
				3764F659297B97A900014FFE /* SecondCollectionViewCell.swift */,
				3764F65A297B97A900014FFE /* SecondCollectionViewCell.xib */,
				3764F661297B97FC00014FFE /* FirstTableViewCell.swift */,
				3764F662297B97FC00014FFE /* FirstTableViewCell.xib */,
				3764F665297B980800014FFE /* SecondTableViewCell.swift */,
				3764F666297B980800014FFE /* SecondTableViewCell.xib */,
				3764F669297BB04800014FFE /* CalendarTableViewCell.swift */,
				3764F66A297BB04800014FFE /* CalendarTableViewCell.xib */,
				3785E3EA29E1932B001535C0 /* HomeTravelCollectionViewCell.swift */,
				3785E3EC29E19AF8001535C0 /* ExtensionHomeTravelCollectionViewCell.swift */,
				3785E3ED29E19AF8001535C0 /* ExtensionHomeTravelCollectionViewCell.xib */,
				3785E3F029E1A15A001535C0 /* NoExHomeTravelCollectionViewCell.swift */,
				3785E3F129E1A15A001535C0 /* NoExHomeTravelCollectionViewCell.xib */,
				371DC5A129E58DB700EFD154 /* WritingEditPhotoCollectionViewCell.swift */,
				374A5B0C2A1B9BA200901247 /* BlankCollectionViewCell.swift */,
				374A5B0D2A1B9BA200901247 /* BlankCollectionViewCell.xib */,
			);
			path = Home;
			sourceTree = "<group>";
		};
		376A16422A42D74C007280DC /* Assets */ = {
			isa = PBXGroup;
			children = (
				57EAE55D2A4574A4001F4FF3 /* Lotties */,
				57808754296BEB5600D2BAF8 /* Assets.xcassets */,
			);
			path = Assets;
			sourceTree = "<group>";
		};
		570AAB6029911DE4006CB64C /* Place */ = {
			isa = PBXGroup;
			children = (
				570AAB6929916044006CB64C /* PlaceInfoTableViewCell.swift */,
				570AAB6A29916044006CB64C /* PlaceInfoTableViewCell.xib */,
				570AAB6D299173E2006CB64C /* PlaceLocationMapTableViewCell.swift */,
				570AAB6E299173E2006CB64C /* PlaceLocationMapTableViewCell.xib */,
				570AAB7129917850006CB64C /* PlacePhotosTableViewCell.swift */,
				570AAB7229917850006CB64C /* PlacePhotosTableViewCell.xib */,
				570AAB77299180CC006CB64C /* PlacePhotoCollectionViewCell.swift */,
				570AAB78299180CC006CB64C /* PlacePhotoCollectionViewCell.xib */,
			);
			path = Place;
			sourceTree = "<group>";
		};
		5719B578298BA20B008572CF /* DBTables */ = {
			isa = PBXGroup;
			children = (
				57C399D32982385300F63900 /* Place.swift */,
				571BD16E29879136000A7F34 /* Schedule.swift */,
				576C0DBB298A327100485AD5 /* User.swift */,
				571FF69B29A3C787005E54F6 /* Spending.swift */,
				571FF69F29A3CFF7005E54F6 /* Photo.swift */,
				BFD0F2E229A69B5C0063EEEF /* Category.swift */,
			);
			name = DBTables;
			sourceTree = "<group>";
		};
		573941A7297ED0B600E69D8F /* Helpers */ = {
			isa = PBXGroup;
			children = (
				573941A8297ED1E900E69D8F /* Constants.swift */,
			);
			path = Helpers;
			sourceTree = "<group>";
		};
		573941AA2980110500E69D8F /* Views */ = {
			isa = PBXGroup;
			children = (
				576B64BC29994C80002609FA /* MainPlan */,
				570AAB6029911DE4006CB64C /* Place */,
				57F9FFF0298E9FA30045E7D0 /* Map */,
				3764F654297B972400014FFE /* Home */,
				37B7BE87298564F900786A1F /* SlideView.swift */,
				37F18C4C29856CFD003C8EF2 /* SearchPlaceTableViewCell.swift */,
				37F18C4D29856CFD003C8EF2 /* SearchPlaceTableViewCell.xib */,
				370DCB0529A0DD4C007B4FDD /* GetpriceTableViewCell.swift */,
				37B7E32029E801EF00F1BDEB /* WritingEditPhotosCollectionViewCell.swift */,
			);
			path = Views;
			sourceTree = "<group>";
		};
		576B64BC29994C80002609FA /* MainPlan */ = {
			isa = PBXGroup;
			children = (
				576B64BF29996F1A002609FA /* MainPlanHeaderView.swift */,
				576B64BD29996EBF002609FA /* MainPlanHeaderView.xib */,
				576B64C1299970FA002609FA /* MainPlanTableViewCell.swift */,
				576B64C2299970FA002609FA /* MainPlanTableViewCell.xib */,
				576B64C72999737F002609FA /* MainPlanFooterView.swift */,
				576B64C529997361002609FA /* MainPlanFooterView.xib */,
				37423570299F41FE0049DFA1 /* EditTableViewCell.swift */,
			);
			path = MainPlan;
			sourceTree = "<group>";
		};
		5775975B297653EB008CB199 /* Controllers */ = {
			isa = PBXGroup;
			children = (
				371DC5A329E58E5000EFD154 /* WriteEditPhotoViewController.swift */,
				BF64B75F299A18F5009C5937 /* Album */,
				57C3DD9C299BF335009466FA /* Home */,
				BF6A5F372994AF51008B76B6 /* MyPage */,
				5780874F296BEB5500D2BAF8 /* LoginViewController.swift */,
				37ECD61F29865D64005E21D4 /* MainPlanViewController.swift */,
				570AAB5A2990F2FB006CB64C /* SearchPlaceViewController.swift */,
				570AAB5E29911C1D006CB64C /* PlaceDetailViewController.swift */,
				576B64C9299A0895002609FA /* WritingPageViewController.swift */,
				372183B7299A201100373F9C /* WritingEditPageViewController.swift */,
				3742356E299F3C390049DFA1 /* ReceiptViewController.swift */,
				573941AB2980E57000E69D8F /* MapViewController.swift */,
			);
			path = Controllers;
			sourceTree = "<group>";
		};
		5775975E2976578F008CB199 /* Models */ = {
			isa = PBXGroup;
			children = (
				5719B578298BA20B008572CF /* DBTables */,
				577B8F7C297A7E6500FBD1EB /* OCRResult.swift */,
				37ECD62129866358005E21D4 /* Region.swift */,
				37ECD6232986649D005E21D4 /* RegionDataManager.swift */,
			);
			name = Models;
			sourceTree = "<group>";
		};
		577B8F792979034E00FBD1EB /* Networking */ = {
			isa = PBXGroup;
			children = (
				577B8F7A2979044600FBD1EB /* OCRNetManager.swift */,
				57C399D12982383600F63900 /* PlaceNetManager.swift */,
				5793B7712988CFAD00649F23 /* ScheduleNetManager.swift */,
				571FF69D29A3C88F005E54F6 /* SpendingNetManager.swift */,
				5719B579298BA302008572CF /* UserNetManager.swift */,
				571FF6A129A3D0A0005E54F6 /* PhotoNetManager.swift */,
				BFD0F2E029A69B1E0063EEEF /* CategoryNetManager.swift */,
			);
			path = Networking;
			sourceTree = "<group>";
		};
		5780873F296BEB5500D2BAF8 = {
			isa = PBXGroup;
			children = (
				5780874A296BEB5500D2BAF8 /* iOS */,
				57808761296BEB5600D2BAF8 /* iOSTests */,
				5780876B296BEB5600D2BAF8 /* iOSUITests */,
				57808749296BEB5500D2BAF8 /* Products */,
				04C2C08AC8B1651E816C810F /* Pods */,
				94DBF40E6CAF466A8F643F97 /* Frameworks */,
			);
			sourceTree = "<group>";
		};
		57808749296BEB5500D2BAF8 /* Products */ = {
			isa = PBXGroup;
			children = (
				57808748296BEB5500D2BAF8 /* iOS.app */,
				5780875E296BEB5600D2BAF8 /* iOSTests.xctest */,
				57808768296BEB5600D2BAF8 /* iOSUITests.xctest */,
			);
			name = Products;
			sourceTree = "<group>";
		};
		5780874A296BEB5500D2BAF8 /* iOS */ = {
			isa = PBXGroup;
			children = (
				5780874B296BEB5500D2BAF8 /* AppDelegate.swift */,
				5780874D296BEB5500D2BAF8 /* SceneDelegate.swift */,
				BFE0022B29A8B0E200194E58 /* Cache */,
				375EBD502A45D885009225F1 /* Font */,
				5794116729710FDD009192DD /* Extensions */,
				573941A7297ED0B600E69D8F /* Helpers */,
				577B8F792979034E00FBD1EB /* Networking */,
				5775975E2976578F008CB199 /* Models */,
				573941AA2980110500E69D8F /* Views */,
				5775975B297653EB008CB199 /* Controllers */,
				57808751296BEB5500D2BAF8 /* Main.storyboard */,
				376A16422A42D74C007280DC /* Assets */,
				57808756296BEB5600D2BAF8 /* LaunchScreen.storyboard */,
				57808759296BEB5600D2BAF8 /* Info.plist */,
				57A1205E297128A7008F5572 /* GoogleService-Info.plist */,
				37E055FB2A457CEF00A08CC9 /* SecretKey.plist */,
			);
			path = iOS;
			sourceTree = "<group>";
		};
		57808761296BEB5600D2BAF8 /* iOSTests */ = {
			isa = PBXGroup;
			children = (
				57808762296BEB5600D2BAF8 /* iOSTests.swift */,
			);
			path = iOSTests;
			sourceTree = "<group>";
		};
		5780876B296BEB5600D2BAF8 /* iOSUITests */ = {
			isa = PBXGroup;
			children = (
				5780876C296BEB5600D2BAF8 /* iOSUITests.swift */,
				5780876E296BEB5600D2BAF8 /* iOSUITestsLaunchTests.swift */,
			);
			path = iOSUITests;
			sourceTree = "<group>";
		};
		5794116729710FDD009192DD /* Extensions */ = {
			isa = PBXGroup;
			children = (
				5794116829710FEB009192DD /* Bundle+Ext.swift */,
				37ECD625298676C8005E21D4 /* UIView+Ext.swift */,
				576C0DB9298A325900485AD5 /* UserDefaults+Ext.swift */,
				570AAB7D29919C6E006CB64C /* UIImageView+Ext.swift */,
				37CBE79629EBC8D100BA93A9 /* NavitaionBar+Ext.swift */,
				375EBD612A45E0E1009225F1 /* Font+Ext.swift */,
				370EFC232A70FCC100602129 /* func+Ext.swift */,
			);
			path = Extensions;
			sourceTree = "<group>";
		};
		57C3DD9C299BF335009466FA /* Home */ = {
			isa = PBXGroup;
			children = (
				5775975C2976541F008CB199 /* HomeViewController.swift */,
				37F18C4A29856B2C003C8EF2 /* PlanningViewController.swift */,
				373A081B29E9A3AA00D228A9 /* WebsiteViewController.swift */,
			);
			path = Home;
			sourceTree = "<group>";
		};
		57EAE55D2A4574A4001F4FF3 /* Lotties */ = {
			isa = PBXGroup;
			children = (
				57EAE55F2A4574DD001F4FF3 /* airplane.json */,
				57EAE5632A4574DD001F4FF3 /* calendar.json */,
				57EAE5622A4574DD001F4FF3 /* linedown.json */,
				57EAE5612A4574DD001F4FF3 /* mapmaker.json */,
				57EAE5642A4574DD001F4FF3 /* paperplane.json */,
				57EAE55E2A4574DD001F4FF3 /* record.json */,
				57EAE5652A4574DD001F4FF3 /* right-arrow.json */,
				57EAE5602A4574DD001F4FF3 /* scrollDown.json */,
			);
			path = Lotties;
			sourceTree = "<group>";
		};
		57F9FFF0298E9FA30045E7D0 /* Map */ = {
			isa = PBXGroup;
			children = (
				57F9FFEE298E74CA0045E7D0 /* MarkerInfoWindowView.swift */,
				570AAB56298EA026006CB64C /* MarkerInfoWindowView.xib */,
			);
			path = Map;
			sourceTree = "<group>";
		};
		94DBF40E6CAF466A8F643F97 /* Frameworks */ = {
			isa = PBXGroup;
			children = (
				D186E571686558A6A981FD3E /* Pods_iOS.framework */,
				94ED1AFAEE2DE97D1C4EE0C7 /* Pods_iOS_iOSUITests.framework */,
				8E1B9D2FA7E640881D20000C /* Pods_iOSTests.framework */,
			);
			name = Frameworks;
			sourceTree = "<group>";
		};
		BF64B75F299A18F5009C5937 /* Album */ = {
			isa = PBXGroup;
			children = (
				BFEF3F302999ECEC00DF39FE /* AlbumViewController.swift */,
				BF64B760299A1921009C5937 /* AlbumImagePopUpController.swift */,
				BF8AD681299BB4AF00071565 /* ResultTableController.swift */,
			);
			path = Album;
			sourceTree = "<group>";
		};
		BF6A5F372994AF51008B76B6 /* MyPage */ = {
			isa = PBXGroup;
			children = (
				BFD1F9BC29920D2D00D06496 /* MyPageViewController.swift */,
				BF6A5F3A2994AFB3008B76B6 /* MyPageScheduleViewController.swift */,
				BFF8583F2994B98F00C7F289 /* MyPageSpendingViewController.swift */,
				BF0CCB2329DF128300720875 /* ProfileEditViewController.swift */,
				BFA24D8F29DFD4570084E417 /* WithDrawMembershipViewController.swift */,
				BF7D3F8829E5760F008F81E9 /* ScheduleEditViewController.swift */,
				BF678DB929E5A75900AB9597 /* SelectRegionViewController.swift */,
			);
			path = MyPage;
			sourceTree = "<group>";
		};
		BFE0022B29A8B0E200194E58 /* Cache */ = {
			isa = PBXGroup;
			children = (
				BFE0022C29A8B12700194E58 /* AlbumImageCacheManager.swift */,
			);
			path = Cache;
			sourceTree = "<group>";
		};
/* End PBXGroup section */

/* Begin PBXNativeTarget section */
		57808747296BEB5500D2BAF8 /* iOS */ = {
			isa = PBXNativeTarget;
			buildConfigurationList = 57808772296BEB5600D2BAF8 /* Build configuration list for PBXNativeTarget "iOS" */;
			buildPhases = (
				A10429218F05804E88257986 /* [CP] Check Pods Manifest.lock */,
				57808744296BEB5500D2BAF8 /* Sources */,
				57808745296BEB5500D2BAF8 /* Frameworks */,
				57808746296BEB5500D2BAF8 /* Resources */,
				CCBA57C1A618549DFDF425F8 /* [CP] Embed Pods Frameworks */,
				7AA0E3348E93EAAB63C04979 /* [CP] Copy Pods Resources */,
				374781632A3F4FFF007057D8 /* Embed Frameworks */,
			);
			buildRules = (
			);
			dependencies = (
			);
			name = iOS;
			packageProductDependencies = (
				37E385E32A6A9975004BD17A /* SnapKit */,
			);
			productName = iOS;
			productReference = 57808748296BEB5500D2BAF8 /* iOS.app */;
			productType = "com.apple.product-type.application";
		};
		5780875D296BEB5600D2BAF8 /* iOSTests */ = {
			isa = PBXNativeTarget;
			buildConfigurationList = 57808775296BEB5600D2BAF8 /* Build configuration list for PBXNativeTarget "iOSTests" */;
			buildPhases = (
				CBC94BC09D3D46C222C6CDA7 /* [CP] Check Pods Manifest.lock */,
				5780875A296BEB5600D2BAF8 /* Sources */,
				5780875B296BEB5600D2BAF8 /* Frameworks */,
				5780875C296BEB5600D2BAF8 /* Resources */,
			);
			buildRules = (
			);
			dependencies = (
				57808760296BEB5600D2BAF8 /* PBXTargetDependency */,
			);
			name = iOSTests;
			productName = iOSTests;
			productReference = 5780875E296BEB5600D2BAF8 /* iOSTests.xctest */;
			productType = "com.apple.product-type.bundle.unit-test";
		};
		57808767296BEB5600D2BAF8 /* iOSUITests */ = {
			isa = PBXNativeTarget;
			buildConfigurationList = 57808778296BEB5600D2BAF8 /* Build configuration list for PBXNativeTarget "iOSUITests" */;
			buildPhases = (
				BE23305C607F340CC81E955A /* [CP] Check Pods Manifest.lock */,
				57808764296BEB5600D2BAF8 /* Sources */,
				57808765296BEB5600D2BAF8 /* Frameworks */,
				57808766296BEB5600D2BAF8 /* Resources */,
				4B8113EDF6C1D9340990CA65 /* [CP] Embed Pods Frameworks */,
				880D272C0D0AE081E34CE392 /* [CP] Copy Pods Resources */,
			);
			buildRules = (
			);
			dependencies = (
				5780876A296BEB5600D2BAF8 /* PBXTargetDependency */,
			);
			name = iOSUITests;
			productName = iOSUITests;
			productReference = 57808768296BEB5600D2BAF8 /* iOSUITests.xctest */;
			productType = "com.apple.product-type.bundle.ui-testing";
		};
/* End PBXNativeTarget section */

/* Begin PBXProject section */
		57808740296BEB5500D2BAF8 /* Project object */ = {
			isa = PBXProject;
			attributes = {
				BuildIndependentTargetsInParallel = 1;
				LastSwiftUpdateCheck = 1420;
				LastUpgradeCheck = 1420;
				TargetAttributes = {
					57808747296BEB5500D2BAF8 = {
						CreatedOnToolsVersion = 14.2;
					};
					5780875D296BEB5600D2BAF8 = {
						CreatedOnToolsVersion = 14.2;
						TestTargetID = 57808747296BEB5500D2BAF8;
					};
					57808767296BEB5600D2BAF8 = {
						CreatedOnToolsVersion = 14.2;
						TestTargetID = 57808747296BEB5500D2BAF8;
					};
				};
			};
			buildConfigurationList = 57808743296BEB5500D2BAF8 /* Build configuration list for PBXProject "iOS" */;
			compatibilityVersion = "Xcode 14.0";
			developmentRegion = en;
			hasScannedForEncodings = 0;
			knownRegions = (
				en,
				Base,
			);
			mainGroup = 5780873F296BEB5500D2BAF8;
			packageReferences = (
				37E385E22A6A9975004BD17A /* XCRemoteSwiftPackageReference "SnapKit" */,
			);
			productRefGroup = 57808749296BEB5500D2BAF8 /* Products */;
			projectDirPath = "";
			projectRoot = "";
			targets = (
				57808747296BEB5500D2BAF8 /* iOS */,
				5780875D296BEB5600D2BAF8 /* iOSTests */,
				57808767296BEB5600D2BAF8 /* iOSUITests */,
			);
		};
/* End PBXProject section */

/* Begin PBXResourcesBuildPhase section */
		57808746296BEB5500D2BAF8 /* Resources */ = {
			isa = PBXResourcesBuildPhase;
			buildActionMask = 2147483647;
			files = (
				57EAE56A2A4574DD001F4FF3 /* linedown.json in Resources */,
				57808758296BEB5600D2BAF8 /* LaunchScreen.storyboard in Resources */,
				57EAE5672A4574DD001F4FF3 /* airplane.json in Resources */,
				57EAE56B2A4574DD001F4FF3 /* calendar.json in Resources */,
				57D5F3C72A484533007CA2F8 /* SUITE-Medium.ttf in Resources */,
				570AAB7429917850006CB64C /* PlacePhotosTableViewCell.xib in Resources */,
				57EAE5692A4574DD001F4FF3 /* mapmaker.json in Resources */,
				570AAB70299173E2006CB64C /* PlaceLocationMapTableViewCell.xib in Resources */,
				57D5F3CA2A484533007CA2F8 /* SUITE-Bold.ttf in Resources */,
				374A5B0F2A1B9BA200901247 /* BlankCollectionViewCell.xib in Resources */,
				57D5F3CB2A484533007CA2F8 /* SUITE-Light.ttf in Resources */,
				3764F65C297B97A900014FFE /* SecondCollectionViewCell.xib in Resources */,
				57EAE56C2A4574DD001F4FF3 /* paperplane.json in Resources */,
				57D5F3C62A484533007CA2F8 /* SUITE-Regular.ttf in Resources */,
				3764F664297B97FC00014FFE /* FirstTableViewCell.xib in Resources */,
				57EAE5682A4574DD001F4FF3 /* scrollDown.json in Resources */,
				3785E3EF29E19AF8001535C0 /* ExtensionHomeTravelCollectionViewCell.xib in Resources */,
				57EAE5662A4574DD001F4FF3 /* record.json in Resources */,
				3764F658297B974400014FFE /* FirstCollectionViewCell.xib in Resources */,
				57EAE56D2A4574DD001F4FF3 /* right-arrow.json in Resources */,
				37E055FC2A457CEF00A08CC9 /* SecretKey.plist in Resources */,
				57D5F3C82A484533007CA2F8 /* SUITE-ExtraBold.ttf in Resources */,
				57A1205F297128A7008F5572 /* GoogleService-Info.plist in Resources */,
				570AAB6C29916044006CB64C /* PlaceInfoTableViewCell.xib in Resources */,
				57808755296BEB5600D2BAF8 /* Assets.xcassets in Resources */,
				570AAB57298EA026006CB64C /* MarkerInfoWindowView.xib in Resources */,
				37F18C4F29856CFD003C8EF2 /* SearchPlaceTableViewCell.xib in Resources */,
				576B64C629997361002609FA /* MainPlanFooterView.xib in Resources */,
				57D5F3C92A484533007CA2F8 /* SUITE-SemiBold.ttf in Resources */,
				576B64BE29996EBF002609FA /* MainPlanHeaderView.xib in Resources */,
				3764F66C297BB04800014FFE /* CalendarTableViewCell.xib in Resources */,
				3764F668297B980800014FFE /* SecondTableViewCell.xib in Resources */,
				576B64C4299970FA002609FA /* MainPlanTableViewCell.xib in Resources */,
				570AAB7A299180CC006CB64C /* PlacePhotoCollectionViewCell.xib in Resources */,
				3785E3F329E1A15A001535C0 /* NoExHomeTravelCollectionViewCell.xib in Resources */,
				57808753296BEB5500D2BAF8 /* Main.storyboard in Resources */,
			);
			runOnlyForDeploymentPostprocessing = 0;
		};
		5780875C296BEB5600D2BAF8 /* Resources */ = {
			isa = PBXResourcesBuildPhase;
			buildActionMask = 2147483647;
			files = (
			);
			runOnlyForDeploymentPostprocessing = 0;
		};
		57808766296BEB5600D2BAF8 /* Resources */ = {
			isa = PBXResourcesBuildPhase;
			buildActionMask = 2147483647;
			files = (
			);
			runOnlyForDeploymentPostprocessing = 0;
		};
/* End PBXResourcesBuildPhase section */

/* Begin PBXShellScriptBuildPhase section */
		4B8113EDF6C1D9340990CA65 /* [CP] Embed Pods Frameworks */ = {
			isa = PBXShellScriptBuildPhase;
			buildActionMask = 2147483647;
			files = (
			);
			inputFileListPaths = (
				"${PODS_ROOT}/Target Support Files/Pods-iOS-iOSUITests/Pods-iOS-iOSUITests-frameworks-${CONFIGURATION}-input-files.xcfilelist",
			);
			name = "[CP] Embed Pods Frameworks";
			outputFileListPaths = (
				"${PODS_ROOT}/Target Support Files/Pods-iOS-iOSUITests/Pods-iOS-iOSUITests-frameworks-${CONFIGURATION}-output-files.xcfilelist",
			);
			runOnlyForDeploymentPostprocessing = 0;
			shellPath = /bin/sh;
			shellScript = "\"${PODS_ROOT}/Target Support Files/Pods-iOS-iOSUITests/Pods-iOS-iOSUITests-frameworks.sh\"\n";
			showEnvVarsInLog = 0;
		};
		7AA0E3348E93EAAB63C04979 /* [CP] Copy Pods Resources */ = {
			isa = PBXShellScriptBuildPhase;
			buildActionMask = 2147483647;
			files = (
			);
			inputFileListPaths = (
				"${PODS_ROOT}/Target Support Files/Pods-iOS/Pods-iOS-resources-${CONFIGURATION}-input-files.xcfilelist",
			);
			name = "[CP] Copy Pods Resources";
			outputFileListPaths = (
				"${PODS_ROOT}/Target Support Files/Pods-iOS/Pods-iOS-resources-${CONFIGURATION}-output-files.xcfilelist",
			);
			runOnlyForDeploymentPostprocessing = 0;
			shellPath = /bin/sh;
			shellScript = "\"${PODS_ROOT}/Target Support Files/Pods-iOS/Pods-iOS-resources.sh\"\n";
			showEnvVarsInLog = 0;
		};
		880D272C0D0AE081E34CE392 /* [CP] Copy Pods Resources */ = {
			isa = PBXShellScriptBuildPhase;
			buildActionMask = 2147483647;
			files = (
			);
			inputFileListPaths = (
				"${PODS_ROOT}/Target Support Files/Pods-iOS-iOSUITests/Pods-iOS-iOSUITests-resources-${CONFIGURATION}-input-files.xcfilelist",
			);
			name = "[CP] Copy Pods Resources";
			outputFileListPaths = (
				"${PODS_ROOT}/Target Support Files/Pods-iOS-iOSUITests/Pods-iOS-iOSUITests-resources-${CONFIGURATION}-output-files.xcfilelist",
			);
			runOnlyForDeploymentPostprocessing = 0;
			shellPath = /bin/sh;
			shellScript = "\"${PODS_ROOT}/Target Support Files/Pods-iOS-iOSUITests/Pods-iOS-iOSUITests-resources.sh\"\n";
			showEnvVarsInLog = 0;
		};
		A10429218F05804E88257986 /* [CP] Check Pods Manifest.lock */ = {
			isa = PBXShellScriptBuildPhase;
			buildActionMask = 2147483647;
			files = (
			);
			inputFileListPaths = (
			);
			inputPaths = (
				"${PODS_PODFILE_DIR_PATH}/Podfile.lock",
				"${PODS_ROOT}/Manifest.lock",
			);
			name = "[CP] Check Pods Manifest.lock";
			outputFileListPaths = (
			);
			outputPaths = (
				"$(DERIVED_FILE_DIR)/Pods-iOS-checkManifestLockResult.txt",
			);
			runOnlyForDeploymentPostprocessing = 0;
			shellPath = /bin/sh;
			shellScript = "diff \"${PODS_PODFILE_DIR_PATH}/Podfile.lock\" \"${PODS_ROOT}/Manifest.lock\" > /dev/null\nif [ $? != 0 ] ; then\n    # print error to STDERR\n    echo \"error: The sandbox is not in sync with the Podfile.lock. Run 'pod install' or update your CocoaPods installation.\" >&2\n    exit 1\nfi\n# This output is used by Xcode 'outputs' to avoid re-running this script phase.\necho \"SUCCESS\" > \"${SCRIPT_OUTPUT_FILE_0}\"\n";
			showEnvVarsInLog = 0;
		};
		BE23305C607F340CC81E955A /* [CP] Check Pods Manifest.lock */ = {
			isa = PBXShellScriptBuildPhase;
			buildActionMask = 2147483647;
			files = (
			);
			inputFileListPaths = (
			);
			inputPaths = (
				"${PODS_PODFILE_DIR_PATH}/Podfile.lock",
				"${PODS_ROOT}/Manifest.lock",
			);
			name = "[CP] Check Pods Manifest.lock";
			outputFileListPaths = (
			);
			outputPaths = (
				"$(DERIVED_FILE_DIR)/Pods-iOS-iOSUITests-checkManifestLockResult.txt",
			);
			runOnlyForDeploymentPostprocessing = 0;
			shellPath = /bin/sh;
			shellScript = "diff \"${PODS_PODFILE_DIR_PATH}/Podfile.lock\" \"${PODS_ROOT}/Manifest.lock\" > /dev/null\nif [ $? != 0 ] ; then\n    # print error to STDERR\n    echo \"error: The sandbox is not in sync with the Podfile.lock. Run 'pod install' or update your CocoaPods installation.\" >&2\n    exit 1\nfi\n# This output is used by Xcode 'outputs' to avoid re-running this script phase.\necho \"SUCCESS\" > \"${SCRIPT_OUTPUT_FILE_0}\"\n";
			showEnvVarsInLog = 0;
		};
		CBC94BC09D3D46C222C6CDA7 /* [CP] Check Pods Manifest.lock */ = {
			isa = PBXShellScriptBuildPhase;
			buildActionMask = 2147483647;
			files = (
			);
			inputFileListPaths = (
			);
			inputPaths = (
				"${PODS_PODFILE_DIR_PATH}/Podfile.lock",
				"${PODS_ROOT}/Manifest.lock",
			);
			name = "[CP] Check Pods Manifest.lock";
			outputFileListPaths = (
			);
			outputPaths = (
				"$(DERIVED_FILE_DIR)/Pods-iOSTests-checkManifestLockResult.txt",
			);
			runOnlyForDeploymentPostprocessing = 0;
			shellPath = /bin/sh;
			shellScript = "diff \"${PODS_PODFILE_DIR_PATH}/Podfile.lock\" \"${PODS_ROOT}/Manifest.lock\" > /dev/null\nif [ $? != 0 ] ; then\n    # print error to STDERR\n    echo \"error: The sandbox is not in sync with the Podfile.lock. Run 'pod install' or update your CocoaPods installation.\" >&2\n    exit 1\nfi\n# This output is used by Xcode 'outputs' to avoid re-running this script phase.\necho \"SUCCESS\" > \"${SCRIPT_OUTPUT_FILE_0}\"\n";
			showEnvVarsInLog = 0;
		};
		CCBA57C1A618549DFDF425F8 /* [CP] Embed Pods Frameworks */ = {
			isa = PBXShellScriptBuildPhase;
			buildActionMask = 2147483647;
			files = (
			);
			inputFileListPaths = (
				"${PODS_ROOT}/Target Support Files/Pods-iOS/Pods-iOS-frameworks-${CONFIGURATION}-input-files.xcfilelist",
			);
			name = "[CP] Embed Pods Frameworks";
			outputFileListPaths = (
				"${PODS_ROOT}/Target Support Files/Pods-iOS/Pods-iOS-frameworks-${CONFIGURATION}-output-files.xcfilelist",
			);
			runOnlyForDeploymentPostprocessing = 0;
			shellPath = /bin/sh;
			shellScript = "\"${PODS_ROOT}/Target Support Files/Pods-iOS/Pods-iOS-frameworks.sh\"\n";
			showEnvVarsInLog = 0;
		};
/* End PBXShellScriptBuildPhase section */

/* Begin PBXSourcesBuildPhase section */
		57808744296BEB5500D2BAF8 /* Sources */ = {
			isa = PBXSourcesBuildPhase;
			buildActionMask = 2147483647;
			files = (
				3764F65B297B97A900014FFE /* SecondCollectionViewCell.swift in Sources */,
				570AAB7E29919C6E006CB64C /* UIImageView+Ext.swift in Sources */,
				BFD0F2E329A69B5C0063EEEF /* Category.swift in Sources */,
				5775975D2976541F008CB199 /* HomeViewController.swift in Sources */,
				BFEF3F312999ECEC00DF39FE /* AlbumViewController.swift in Sources */,
				37F18C4E29856CFD003C8EF2 /* SearchPlaceTableViewCell.swift in Sources */,
				37ECD62229866358005E21D4 /* Region.swift in Sources */,
				BF678DBA29E5A75900AB9597 /* SelectRegionViewController.swift in Sources */,
				37ECD62029865D64005E21D4 /* MainPlanViewController.swift in Sources */,
				576C0DBC298A327100485AD5 /* User.swift in Sources */,
				570AAB6B29916044006CB64C /* PlaceInfoTableViewCell.swift in Sources */,
				371DC5A229E58DB700EFD154 /* WritingEditPhotoCollectionViewCell.swift in Sources */,
				57808750296BEB5500D2BAF8 /* LoginViewController.swift in Sources */,
				3742356F299F3C390049DFA1 /* ReceiptViewController.swift in Sources */,
				37CBE79729EBC8D100BA93A9 /* NavitaionBar+Ext.swift in Sources */,
				372183B8299A201100373F9C /* WritingEditPageViewController.swift in Sources */,
				571BD16F29879136000A7F34 /* Schedule.swift in Sources */,
				37B7BE88298564F900786A1F /* SlideView.swift in Sources */,
				570AAB6F299173E2006CB64C /* PlaceLocationMapTableViewCell.swift in Sources */,
				37423571299F41FE0049DFA1 /* EditTableViewCell.swift in Sources */,
				570AAB7329917850006CB64C /* PlacePhotosTableViewCell.swift in Sources */,
				576B64C3299970FA002609FA /* MainPlanTableViewCell.swift in Sources */,
				3785E3EE29E19AF8001535C0 /* ExtensionHomeTravelCollectionViewCell.swift in Sources */,
				576B64C82999737F002609FA /* MainPlanFooterView.swift in Sources */,
				577B8F7D297A7E6500FBD1EB /* OCRResult.swift in Sources */,
				57C399D22982383600F63900 /* PlaceNetManager.swift in Sources */,
				571FF69C29A3C787005E54F6 /* Spending.swift in Sources */,
				BFA24D9029DFD4570084E417 /* WithDrawMembershipViewController.swift in Sources */,
				3764F66B297BB04800014FFE /* CalendarTableViewCell.swift in Sources */,
				374A5B0E2A1B9BA200901247 /* BlankCollectionViewCell.swift in Sources */,
				BF0CCB2429DF128300720875 /* ProfileEditViewController.swift in Sources */,
				5794116929710FEB009192DD /* Bundle+Ext.swift in Sources */,
				576B64C029996F1A002609FA /* MainPlanHeaderView.swift in Sources */,
				3764F657297B974400014FFE /* FirstCollectionViewCell.swift in Sources */,
				37F18C4B29856B2C003C8EF2 /* PlanningViewController.swift in Sources */,
				3785E3F229E1A15A001535C0 /* NoExHomeTravelCollectionViewCell.swift in Sources */,
				37ECD626298676C8005E21D4 /* UIView+Ext.swift in Sources */,
				BF8AD682299BB4AF00071565 /* ResultTableController.swift in Sources */,
				37B7E32129E801EF00F1BDEB /* WritingEditPhotosCollectionViewCell.swift in Sources */,
				BFD1F9BD29920D2D00D06496 /* MyPageViewController.swift in Sources */,
				571FF6A029A3CFF7005E54F6 /* Photo.swift in Sources */,
				375EBD622A45E0E1009225F1 /* Font+Ext.swift in Sources */,
				BF7D3F8929E5760F008F81E9 /* ScheduleEditViewController.swift in Sources */,
				570AAB5F29911C1D006CB64C /* PlaceDetailViewController.swift in Sources */,
				571FF6A229A3D0A0005E54F6 /* PhotoNetManager.swift in Sources */,
				373A081C29E9A3AA00D228A9 /* WebsiteViewController.swift in Sources */,
				BF6A5F3B2994AFB3008B76B6 /* MyPageScheduleViewController.swift in Sources */,
				5719B57A298BA302008572CF /* UserNetManager.swift in Sources */,
				BFD0F2E129A69B1E0063EEEF /* CategoryNetManager.swift in Sources */,
				370EFC242A70FCC100602129 /* func+Ext.swift in Sources */,
				3785E3EB29E1932B001535C0 /* HomeTravelCollectionViewCell.swift in Sources */,
				573941A9297ED1E900E69D8F /* Constants.swift in Sources */,
				576B64CA299A0895002609FA /* WritingPageViewController.swift in Sources */,
				571FF69E29A3C88F005E54F6 /* SpendingNetManager.swift in Sources */,
				576C0DBA298A325900485AD5 /* UserDefaults+Ext.swift in Sources */,
				BFF858402994B98F00C7F289 /* MyPageSpendingViewController.swift in Sources */,
				570AAB5B2990F2FB006CB64C /* SearchPlaceViewController.swift in Sources */,
				BF64B761299A1921009C5937 /* AlbumImagePopUpController.swift in Sources */,
				BFE0022D29A8B12700194E58 /* AlbumImageCacheManager.swift in Sources */,
				371DC5A429E58E5000EFD154 /* WriteEditPhotoViewController.swift in Sources */,
				3764F667297B980800014FFE /* SecondTableViewCell.swift in Sources */,
				5780874C296BEB5500D2BAF8 /* AppDelegate.swift in Sources */,
				5793B7722988CFAD00649F23 /* ScheduleNetManager.swift in Sources */,
				57C399D42982385300F63900 /* Place.swift in Sources */,
				577B8F7B2979044600FBD1EB /* OCRNetManager.swift in Sources */,
				3764F663297B97FC00014FFE /* FirstTableViewCell.swift in Sources */,
				570AAB79299180CC006CB64C /* PlacePhotoCollectionViewCell.swift in Sources */,
				57F9FFEF298E74CA0045E7D0 /* MarkerInfoWindowView.swift in Sources */,
				370DCB0629A0DD4C007B4FDD /* GetpriceTableViewCell.swift in Sources */,
				5780874E296BEB5500D2BAF8 /* SceneDelegate.swift in Sources */,
				37ECD6242986649D005E21D4 /* RegionDataManager.swift in Sources */,
				573941AC2980E57000E69D8F /* MapViewController.swift in Sources */,
			);
			runOnlyForDeploymentPostprocessing = 0;
		};
		5780875A296BEB5600D2BAF8 /* Sources */ = {
			isa = PBXSourcesBuildPhase;
			buildActionMask = 2147483647;
			files = (
				375EBD632A45E0E2009225F1 /* Font+Ext.swift in Sources */,
				57808763296BEB5600D2BAF8 /* iOSTests.swift in Sources */,
			);
			runOnlyForDeploymentPostprocessing = 0;
		};
		57808764296BEB5600D2BAF8 /* Sources */ = {
			isa = PBXSourcesBuildPhase;
			buildActionMask = 2147483647;
			files = (
				5780876F296BEB5600D2BAF8 /* iOSUITestsLaunchTests.swift in Sources */,
				5780876D296BEB5600D2BAF8 /* iOSUITests.swift in Sources */,
				375EBD642A45E0E2009225F1 /* Font+Ext.swift in Sources */,
			);
			runOnlyForDeploymentPostprocessing = 0;
		};
/* End PBXSourcesBuildPhase section */

/* Begin PBXTargetDependency section */
		57808760296BEB5600D2BAF8 /* PBXTargetDependency */ = {
			isa = PBXTargetDependency;
			target = 57808747296BEB5500D2BAF8 /* iOS */;
			targetProxy = 5780875F296BEB5600D2BAF8 /* PBXContainerItemProxy */;
		};
		5780876A296BEB5600D2BAF8 /* PBXTargetDependency */ = {
			isa = PBXTargetDependency;
			target = 57808747296BEB5500D2BAF8 /* iOS */;
			targetProxy = 57808769296BEB5600D2BAF8 /* PBXContainerItemProxy */;
		};
/* End PBXTargetDependency section */

/* Begin PBXVariantGroup section */
		57808751296BEB5500D2BAF8 /* Main.storyboard */ = {
			isa = PBXVariantGroup;
			children = (
				57808752296BEB5500D2BAF8 /* Base */,
			);
			name = Main.storyboard;
			sourceTree = "<group>";
		};
		57808756296BEB5600D2BAF8 /* LaunchScreen.storyboard */ = {
			isa = PBXVariantGroup;
			children = (
				57808757296BEB5600D2BAF8 /* Base */,
			);
			name = LaunchScreen.storyboard;
			sourceTree = "<group>";
		};
/* End PBXVariantGroup section */

/* Begin XCBuildConfiguration section */
		57808770296BEB5600D2BAF8 /* Debug */ = {
			isa = XCBuildConfiguration;
			buildSettings = {
				ALWAYS_SEARCH_USER_PATHS = NO;
				CLANG_ANALYZER_NONNULL = YES;
				CLANG_ANALYZER_NUMBER_OBJECT_CONVERSION = YES_AGGRESSIVE;
				CLANG_CXX_LANGUAGE_STANDARD = "gnu++20";
				CLANG_ENABLE_MODULES = YES;
				CLANG_ENABLE_OBJC_ARC = YES;
				CLANG_ENABLE_OBJC_WEAK = YES;
				CLANG_WARN_BLOCK_CAPTURE_AUTORELEASING = YES;
				CLANG_WARN_BOOL_CONVERSION = YES;
				CLANG_WARN_COMMA = YES;
				CLANG_WARN_CONSTANT_CONVERSION = YES;
				CLANG_WARN_DEPRECATED_OBJC_IMPLEMENTATIONS = YES;
				CLANG_WARN_DIRECT_OBJC_ISA_USAGE = YES_ERROR;
				CLANG_WARN_DOCUMENTATION_COMMENTS = YES;
				CLANG_WARN_EMPTY_BODY = YES;
				CLANG_WARN_ENUM_CONVERSION = YES;
				CLANG_WARN_INFINITE_RECURSION = YES;
				CLANG_WARN_INT_CONVERSION = YES;
				CLANG_WARN_NON_LITERAL_NULL_CONVERSION = YES;
				CLANG_WARN_OBJC_IMPLICIT_RETAIN_SELF = YES;
				CLANG_WARN_OBJC_LITERAL_CONVERSION = YES;
				CLANG_WARN_OBJC_ROOT_CLASS = YES_ERROR;
				CLANG_WARN_QUOTED_INCLUDE_IN_FRAMEWORK_HEADER = YES;
				CLANG_WARN_RANGE_LOOP_ANALYSIS = YES;
				CLANG_WARN_STRICT_PROTOTYPES = YES;
				CLANG_WARN_SUSPICIOUS_MOVE = YES;
				CLANG_WARN_UNGUARDED_AVAILABILITY = YES_AGGRESSIVE;
				CLANG_WARN_UNREACHABLE_CODE = YES;
				CLANG_WARN__DUPLICATE_METHOD_MATCH = YES;
				COPY_PHASE_STRIP = NO;
				DEBUG_INFORMATION_FORMAT = dwarf;
				ENABLE_STRICT_OBJC_MSGSEND = YES;
				ENABLE_TESTABILITY = YES;
				GCC_C_LANGUAGE_STANDARD = gnu11;
				GCC_DYNAMIC_NO_PIC = NO;
				GCC_NO_COMMON_BLOCKS = YES;
				GCC_OPTIMIZATION_LEVEL = 0;
				GCC_PREPROCESSOR_DEFINITIONS = (
					"DEBUG=1",
					"$(inherited)",
				);
				GCC_WARN_64_TO_32_BIT_CONVERSION = YES;
				GCC_WARN_ABOUT_RETURN_TYPE = YES_ERROR;
				GCC_WARN_UNDECLARED_SELECTOR = YES;
				GCC_WARN_UNINITIALIZED_AUTOS = YES_AGGRESSIVE;
				GCC_WARN_UNUSED_FUNCTION = YES;
				GCC_WARN_UNUSED_VARIABLE = YES;
				IPHONEOS_DEPLOYMENT_TARGET = 15.5;
				MTL_ENABLE_DEBUG_INFO = INCLUDE_SOURCE;
				MTL_FAST_MATH = YES;
				ONLY_ACTIVE_ARCH = YES;
				SDKROOT = iphoneos;
				SWIFT_ACTIVE_COMPILATION_CONDITIONS = DEBUG;
				SWIFT_OPTIMIZATION_LEVEL = "-Onone";
			};
			name = Debug;
		};
		57808771296BEB5600D2BAF8 /* Release */ = {
			isa = XCBuildConfiguration;
			buildSettings = {
				ALWAYS_SEARCH_USER_PATHS = NO;
				CLANG_ANALYZER_NONNULL = YES;
				CLANG_ANALYZER_NUMBER_OBJECT_CONVERSION = YES_AGGRESSIVE;
				CLANG_CXX_LANGUAGE_STANDARD = "gnu++20";
				CLANG_ENABLE_MODULES = YES;
				CLANG_ENABLE_OBJC_ARC = YES;
				CLANG_ENABLE_OBJC_WEAK = YES;
				CLANG_WARN_BLOCK_CAPTURE_AUTORELEASING = YES;
				CLANG_WARN_BOOL_CONVERSION = YES;
				CLANG_WARN_COMMA = YES;
				CLANG_WARN_CONSTANT_CONVERSION = YES;
				CLANG_WARN_DEPRECATED_OBJC_IMPLEMENTATIONS = YES;
				CLANG_WARN_DIRECT_OBJC_ISA_USAGE = YES_ERROR;
				CLANG_WARN_DOCUMENTATION_COMMENTS = YES;
				CLANG_WARN_EMPTY_BODY = YES;
				CLANG_WARN_ENUM_CONVERSION = YES;
				CLANG_WARN_INFINITE_RECURSION = YES;
				CLANG_WARN_INT_CONVERSION = YES;
				CLANG_WARN_NON_LITERAL_NULL_CONVERSION = YES;
				CLANG_WARN_OBJC_IMPLICIT_RETAIN_SELF = YES;
				CLANG_WARN_OBJC_LITERAL_CONVERSION = YES;
				CLANG_WARN_OBJC_ROOT_CLASS = YES_ERROR;
				CLANG_WARN_QUOTED_INCLUDE_IN_FRAMEWORK_HEADER = YES;
				CLANG_WARN_RANGE_LOOP_ANALYSIS = YES;
				CLANG_WARN_STRICT_PROTOTYPES = YES;
				CLANG_WARN_SUSPICIOUS_MOVE = YES;
				CLANG_WARN_UNGUARDED_AVAILABILITY = YES_AGGRESSIVE;
				CLANG_WARN_UNREACHABLE_CODE = YES;
				CLANG_WARN__DUPLICATE_METHOD_MATCH = YES;
				COPY_PHASE_STRIP = NO;
				DEBUG_INFORMATION_FORMAT = "dwarf-with-dsym";
				ENABLE_NS_ASSERTIONS = NO;
				ENABLE_STRICT_OBJC_MSGSEND = YES;
				GCC_C_LANGUAGE_STANDARD = gnu11;
				GCC_NO_COMMON_BLOCKS = YES;
				GCC_WARN_64_TO_32_BIT_CONVERSION = YES;
				GCC_WARN_ABOUT_RETURN_TYPE = YES_ERROR;
				GCC_WARN_UNDECLARED_SELECTOR = YES;
				GCC_WARN_UNINITIALIZED_AUTOS = YES_AGGRESSIVE;
				GCC_WARN_UNUSED_FUNCTION = YES;
				GCC_WARN_UNUSED_VARIABLE = YES;
				IPHONEOS_DEPLOYMENT_TARGET = 15.5;
				MTL_ENABLE_DEBUG_INFO = NO;
				MTL_FAST_MATH = YES;
				SDKROOT = iphoneos;
				SWIFT_COMPILATION_MODE = wholemodule;
				SWIFT_OPTIMIZATION_LEVEL = "-O";
				VALIDATE_PRODUCT = YES;
			};
			name = Release;
		};
		57808773296BEB5600D2BAF8 /* Debug */ = {
			isa = XCBuildConfiguration;
			baseConfigurationReference = 34A3E75F0EC9355F20B34FF4 /* Pods-iOS.debug.xcconfig */;
			buildSettings = {
				ASSETCATALOG_COMPILER_APPICON_NAME = AppIcon;
				ASSETCATALOG_COMPILER_GLOBAL_ACCENT_COLOR_NAME = AccentColor;
				CODE_SIGN_STYLE = Automatic;
				CURRENT_PROJECT_VERSION = 1;
				DEVELOPMENT_TEAM = 5DFZR8RCQR;
				GENERATE_INFOPLIST_FILE = YES;
				INFOPLIST_FILE = iOS/Info.plist;
				INFOPLIST_KEY_LSApplicationCategoryType = "public.app-category.travel";
				INFOPLIST_KEY_NSCameraUsageDescription = "카메라 접근을 허용하시겠습니까?";
				INFOPLIST_KEY_NSPhotoLibraryAddUsageDescription = "Select multi images";
				INFOPLIST_KEY_NSPhotoLibraryUsageDescription = "";
				INFOPLIST_KEY_UIApplicationSupportsIndirectInputEvents = YES;
				INFOPLIST_KEY_UILaunchStoryboardName = LaunchScreen;
				INFOPLIST_KEY_UIMainStoryboardFile = Main;
				INFOPLIST_KEY_UISupportedInterfaceOrientations = UIInterfaceOrientationPortrait;
				INFOPLIST_KEY_UISupportedInterfaceOrientations_iPad = "UIInterfaceOrientationLandscapeLeft UIInterfaceOrientationLandscapeRight UIInterfaceOrientationPortrait UIInterfaceOrientationPortraitUpsideDown";
				IPHONEOS_DEPLOYMENT_TARGET = 15.0;
				LD_RUNPATH_SEARCH_PATHS = (
					"$(inherited)",
					"@executable_path/Frameworks",
				);
				MARKETING_VERSION = 1.0;
				PRODUCT_BUNDLE_IDENTIFIER = kr.ac.tukorea.ce.ios.iOS;
				PRODUCT_NAME = "$(TARGET_NAME)";
				SUPPORTED_PLATFORMS = "iphoneos iphonesimulator";
				SUPPORTS_MACCATALYST = NO;
				SUPPORTS_MAC_DESIGNED_FOR_IPHONE_IPAD = NO;
				SWIFT_EMIT_LOC_STRINGS = YES;
				SWIFT_OBJC_BRIDGING_HEADER = "";
				SWIFT_VERSION = 5.0;
				TARGETED_DEVICE_FAMILY = 1;
			};
			name = Debug;
		};
		57808774296BEB5600D2BAF8 /* Release */ = {
			isa = XCBuildConfiguration;
			baseConfigurationReference = 207460B44357D9F4D787BFC5 /* Pods-iOS.release.xcconfig */;
			buildSettings = {
				ASSETCATALOG_COMPILER_APPICON_NAME = AppIcon;
				ASSETCATALOG_COMPILER_GLOBAL_ACCENT_COLOR_NAME = AccentColor;
				CODE_SIGN_STYLE = Automatic;
				CURRENT_PROJECT_VERSION = 1;
				DEVELOPMENT_TEAM = 5DFZR8RCQR;
				GENERATE_INFOPLIST_FILE = YES;
				INFOPLIST_FILE = iOS/Info.plist;
				INFOPLIST_KEY_LSApplicationCategoryType = "public.app-category.travel";
				INFOPLIST_KEY_NSCameraUsageDescription = "카메라 접근을 허용하시겠습니까?";
				INFOPLIST_KEY_NSPhotoLibraryAddUsageDescription = "Select multi images";
				INFOPLIST_KEY_NSPhotoLibraryUsageDescription = "";
				INFOPLIST_KEY_UIApplicationSupportsIndirectInputEvents = YES;
				INFOPLIST_KEY_UILaunchStoryboardName = LaunchScreen;
				INFOPLIST_KEY_UIMainStoryboardFile = Main;
				INFOPLIST_KEY_UISupportedInterfaceOrientations = UIInterfaceOrientationPortrait;
				INFOPLIST_KEY_UISupportedInterfaceOrientations_iPad = "UIInterfaceOrientationLandscapeLeft UIInterfaceOrientationLandscapeRight UIInterfaceOrientationPortrait UIInterfaceOrientationPortraitUpsideDown";
				IPHONEOS_DEPLOYMENT_TARGET = 15.0;
				LD_RUNPATH_SEARCH_PATHS = (
					"$(inherited)",
					"@executable_path/Frameworks",
				);
				MARKETING_VERSION = 1.0;
				PRODUCT_BUNDLE_IDENTIFIER = kr.ac.tukorea.ce.ios.iOS;
				PRODUCT_NAME = "$(TARGET_NAME)";
				SUPPORTED_PLATFORMS = "iphoneos iphonesimulator";
				SUPPORTS_MACCATALYST = NO;
				SUPPORTS_MAC_DESIGNED_FOR_IPHONE_IPAD = NO;
				SWIFT_EMIT_LOC_STRINGS = YES;
				SWIFT_OBJC_BRIDGING_HEADER = "";
				SWIFT_VERSION = 5.0;
				TARGETED_DEVICE_FAMILY = 1;
			};
			name = Release;
		};
		57808776296BEB5600D2BAF8 /* Debug */ = {
			isa = XCBuildConfiguration;
			baseConfigurationReference = 64D24A0EE6A955DADD4FDED7 /* Pods-iOSTests.debug.xcconfig */;
			buildSettings = {
				ALWAYS_EMBED_SWIFT_STANDARD_LIBRARIES = YES;
				BUNDLE_LOADER = "$(TEST_HOST)";
				CODE_SIGN_STYLE = Automatic;
				CURRENT_PROJECT_VERSION = 1;
				DEVELOPMENT_TEAM = FQ9852Z3LX;
				GENERATE_INFOPLIST_FILE = YES;
				IPHONEOS_DEPLOYMENT_TARGET = 16.2;
				MARKETING_VERSION = 1.0;
				PRODUCT_BUNDLE_IDENTIFIER = kr.ac.tukorea.ce.ios.iOSTests;
				PRODUCT_NAME = "$(TARGET_NAME)";
				SWIFT_EMIT_LOC_STRINGS = NO;
				SWIFT_VERSION = 5.0;
				TARGETED_DEVICE_FAMILY = "1,2";
				TEST_HOST = "$(BUILT_PRODUCTS_DIR)/iOS.app/$(BUNDLE_EXECUTABLE_FOLDER_PATH)/iOS";
			};
			name = Debug;
		};
		57808777296BEB5600D2BAF8 /* Release */ = {
			isa = XCBuildConfiguration;
			baseConfigurationReference = B9DEE07AD348DC3004CFABF4 /* Pods-iOSTests.release.xcconfig */;
			buildSettings = {
				ALWAYS_EMBED_SWIFT_STANDARD_LIBRARIES = YES;
				BUNDLE_LOADER = "$(TEST_HOST)";
				CODE_SIGN_STYLE = Automatic;
				CURRENT_PROJECT_VERSION = 1;
				DEVELOPMENT_TEAM = FQ9852Z3LX;
				GENERATE_INFOPLIST_FILE = YES;
				IPHONEOS_DEPLOYMENT_TARGET = 16.2;
				MARKETING_VERSION = 1.0;
				PRODUCT_BUNDLE_IDENTIFIER = kr.ac.tukorea.ce.ios.iOSTests;
				PRODUCT_NAME = "$(TARGET_NAME)";
				SWIFT_EMIT_LOC_STRINGS = NO;
				SWIFT_VERSION = 5.0;
				TARGETED_DEVICE_FAMILY = "1,2";
				TEST_HOST = "$(BUILT_PRODUCTS_DIR)/iOS.app/$(BUNDLE_EXECUTABLE_FOLDER_PATH)/iOS";
			};
			name = Release;
		};
		57808779296BEB5600D2BAF8 /* Debug */ = {
			isa = XCBuildConfiguration;
			baseConfigurationReference = 1456B02B228DC8C37E5ED3AC /* Pods-iOS-iOSUITests.debug.xcconfig */;
			buildSettings = {
				ALWAYS_EMBED_SWIFT_STANDARD_LIBRARIES = YES;
				CODE_SIGN_STYLE = Automatic;
				CURRENT_PROJECT_VERSION = 1;
				DEVELOPMENT_TEAM = FQ9852Z3LX;
				GENERATE_INFOPLIST_FILE = YES;
				MARKETING_VERSION = 1.0;
				PRODUCT_BUNDLE_IDENTIFIER = kr.ac.tukorea.ce.ios.iOSUITests;
				PRODUCT_NAME = "$(TARGET_NAME)";
				SWIFT_EMIT_LOC_STRINGS = NO;
				SWIFT_VERSION = 5.0;
				TARGETED_DEVICE_FAMILY = "1,2";
				TEST_TARGET_NAME = iOS;
			};
			name = Debug;
		};
		5780877A296BEB5600D2BAF8 /* Release */ = {
			isa = XCBuildConfiguration;
			baseConfigurationReference = F4FA390FF50812A0CA8EBB9F /* Pods-iOS-iOSUITests.release.xcconfig */;
			buildSettings = {
				ALWAYS_EMBED_SWIFT_STANDARD_LIBRARIES = YES;
				CODE_SIGN_STYLE = Automatic;
				CURRENT_PROJECT_VERSION = 1;
				DEVELOPMENT_TEAM = FQ9852Z3LX;
				GENERATE_INFOPLIST_FILE = YES;
				MARKETING_VERSION = 1.0;
				PRODUCT_BUNDLE_IDENTIFIER = kr.ac.tukorea.ce.ios.iOSUITests;
				PRODUCT_NAME = "$(TARGET_NAME)";
				SWIFT_EMIT_LOC_STRINGS = NO;
				SWIFT_VERSION = 5.0;
				TARGETED_DEVICE_FAMILY = "1,2";
				TEST_TARGET_NAME = iOS;
			};
			name = Release;
		};
/* End XCBuildConfiguration section */

/* Begin XCConfigurationList section */
		57808743296BEB5500D2BAF8 /* Build configuration list for PBXProject "iOS" */ = {
			isa = XCConfigurationList;
			buildConfigurations = (
				57808770296BEB5600D2BAF8 /* Debug */,
				57808771296BEB5600D2BAF8 /* Release */,
			);
			defaultConfigurationIsVisible = 0;
			defaultConfigurationName = Release;
		};
		57808772296BEB5600D2BAF8 /* Build configuration list for PBXNativeTarget "iOS" */ = {
			isa = XCConfigurationList;
			buildConfigurations = (
				57808773296BEB5600D2BAF8 /* Debug */,
				57808774296BEB5600D2BAF8 /* Release */,
			);
			defaultConfigurationIsVisible = 0;
			defaultConfigurationName = Release;
		};
		57808775296BEB5600D2BAF8 /* Build configuration list for PBXNativeTarget "iOSTests" */ = {
			isa = XCConfigurationList;
			buildConfigurations = (
				57808776296BEB5600D2BAF8 /* Debug */,
				57808777296BEB5600D2BAF8 /* Release */,
			);
			defaultConfigurationIsVisible = 0;
			defaultConfigurationName = Release;
		};
		57808778296BEB5600D2BAF8 /* Build configuration list for PBXNativeTarget "iOSUITests" */ = {
			isa = XCConfigurationList;
			buildConfigurations = (
				57808779296BEB5600D2BAF8 /* Debug */,
				5780877A296BEB5600D2BAF8 /* Release */,
			);
			defaultConfigurationIsVisible = 0;
			defaultConfigurationName = Release;
		};
/* End XCConfigurationList section */

/* Begin XCRemoteSwiftPackageReference section */
		37E385E22A6A9975004BD17A /* XCRemoteSwiftPackageReference "SnapKit" */ = {
			isa = XCRemoteSwiftPackageReference;
			repositoryURL = "https://github.com/SnapKit/SnapKit.git";
			requirement = {
				kind = upToNextMajorVersion;
				minimumVersion = 5.0.0;
			};
		};
/* End XCRemoteSwiftPackageReference section */

/* Begin XCSwiftPackageProductDependency section */
		37E385E32A6A9975004BD17A /* SnapKit */ = {
			isa = XCSwiftPackageProductDependency;
			package = 37E385E22A6A9975004BD17A /* XCRemoteSwiftPackageReference "SnapKit" */;
			productName = SnapKit;
		};
/* End XCSwiftPackageProductDependency section */
	};
	rootObject = 57808740296BEB5500D2BAF8 /* Project object */;
}
